
Microsoft Visual Studio Solution File, Format Version 12.00
# Visual Studio Version 16
VisualStudioVersion = 16.0.31105.61
MinimumVisualStudioVersion = 10.0.40219.1
Project("{8BC9CEB8-8B4A-11D0-8D11-00A0C91BC942}") = "变量", "变量\变量.vcxproj", "{46EDE042-1164-4E2E-8217-AF26CEE70473}"
EndProject
Project("{8BC9CEB8-8B4A-11D0-8D11-00A0C91BC942}") = "类型转换", "类型转换\类型转换.vcxproj", "{D3FE94AA-42AF-4509-9C71-62768E42DE2A}"
EndProject
Project("{8BC9CEB8-8B4A-11D0-8D11-00A0C91BC942}") = "练习", "练习\练习.vcxproj", "{580CC7AD-789F-40D4-AF69-EC30B1996833}"
EndProject
Project("{8BC9CEB8-8B4A-11D0-8D11-00A0C91BC942}") = "数组", "数组\数组.vcxproj", "{7B9216A5-EDFB-49F3-AB74-3569A605C9E4}"
EndProject
Project("{8BC9CEB8-8B4A-11D0-8D11-00A0C91BC942}") = "字符串", "字符串\字符串.vcxproj", "{8D239626-FDAD-446B-9B61-9E7FA0F47F92}"
EndProject
Project("{8BC9CEB8-8B4A-11D0-8D11-00A0C91BC942}") = "string类库风格字符串", "string类库风格字符串\string类库风格字符串.vcxproj", "{30B7A984-13F1-4B59-BABA-60BDD6EA87CB}"
EndProject
Project("{8BC9CEB8-8B4A-11D0-8D11-00A0C91BC942}") = "结构体", "结构体\结构体.vcxproj", "{F91F0E1D-B752-4166-B22B-2F8DA15FBD9F}"
EndProject
Project("{8BC9CEB8-8B4A-11D0-8D11-00A0C91BC942}") = "枚举类型", "枚举类型\枚举类型.vcxproj", "{130BAE15-8E0D-47D2-BB7D-29A00108D179}"
EndProject
Project("{8BC9CEB8-8B4A-11D0-8D11-00A0C91BC942}") = "内存和地址", "内存和地址\内存和地址.vcxproj", "{9AF0FB56-CDFA-4E0B-8B1D-8A9AB5A474B2}"
EndProject
Project("{8BC9CEB8-8B4A-11D0-8D11-00A0C91BC942}") = "指针与数组", "指针与数组\指针与数组.vcxproj", "{EF053A4B-DB73-423A-AFE1-B7BB29064A4F}"
EndProject
Project("{8BC9CEB8-8B4A-11D0-8D11-00A0C91BC942}") = "类array创建数组", "类array创建数组\类array创建数组.vcxproj", "{1CA7B0BE-0EED-44CB-B565-358B9F34D473}"
EndProject
Project("{8BC9CEB8-8B4A-11D0-8D11-00A0C91BC942}") = "练习2", "练习2\练习2.vcxproj", "{8B1C821E-D308-4909-B890-9BEC02316FA5}"
EndProject
Project("{8BC9CEB8-8B4A-11D0-8D11-00A0C91BC942}") = "类型别名", "类型别名\类型别名.vcxproj", "{FFE11640-B576-474B-8463-4038A3FC8B92}"
EndProject
Project("{8BC9CEB8-8B4A-11D0-8D11-00A0C91BC942}") = "循环新方式", "循环新方式\循环新方式.vcxproj", "{262D4010-6087-4167-BDF8-6817B629A7AD}"
EndProject
Project("{8BC9CEB8-8B4A-11D0-8D11-00A0C91BC942}") = "二维数组", "二维数组\二维数组.vcxproj", "{627AD0D6-B3DC-4E65-A1D8-159E59868AD9}"
EndProject
Project("{8BC9CEB8-8B4A-11D0-8D11-00A0C91BC942}") = "练习3", "练习3\练习3.vcxproj", "{41999FCA-C4B6-4DBC-99E6-AB89E9097836}"
EndProject
Project("{8BC9CEB8-8B4A-11D0-8D11-00A0C91BC942}") = "特殊运算符", "特殊运算符\特殊运算符.vcxproj", "{864777DB-2128-4C8A-BF6A-9A2C90702D96}"
EndProject
Project("{8BC9CEB8-8B4A-11D0-8D11-00A0C91BC942}") = "练习4", "练习4\练习4.vcxproj", "{A6E4DC46-2344-4A79-8FE0-78086DB1DE88}"
EndProject
Project("{8BC9CEB8-8B4A-11D0-8D11-00A0C91BC942}") = "练习5", "练习5\练习5.vcxproj", "{5A311AD4-A548-4EA9-A0A4-885083F47AF0}"
EndProject
Project("{8BC9CEB8-8B4A-11D0-8D11-00A0C91BC942}") = "函数", "函数\函数.vcxproj", "{FD4724B3-F539-4790-9250-4993A2C8D819}"
EndProject
Project("{8BC9CEB8-8B4A-11D0-8D11-00A0C91BC942}") = "引用参数", "引用参数\引用参数.vcxproj", "{BD07C97C-340C-4265-AB0B-8B44A06F915F}"
EndProject
Project("{8BC9CEB8-8B4A-11D0-8D11-00A0C91BC942}") = "const形参和实参", "const形参和实参\const形参和实参.vcxproj", "{34B13131-AF2B-4C7C-BF00-2985CE6E48D4}"
EndProject
Project("{8BC9CEB8-8B4A-11D0-8D11-00A0C91BC942}") = "默认实参", "默认实参\默认实参.vcxproj", "{80F04DD2-B612-4498-937B-F0692FF943BC}"
EndProject
Project("{8BC9CEB8-8B4A-11D0-8D11-00A0C91BC942}") = "constexpr函数", "constexpr函数\constexpr函数.vcxproj", "{824AE2CF-09D3-41EC-B552-3B50589C7C07}"
EndProject
Project("{8BC9CEB8-8B4A-11D0-8D11-00A0C91BC942}") = "函数重载", "函数重载\函数重载.vcxproj", "{BCDCC4D0-9000-4544-8C8D-ECB28481F4F2}"
EndProject
Project("{8BC9CEB8-8B4A-11D0-8D11-00A0C91BC942}") = "函数与数组", "函数与数组\函数与数组.vcxproj", "{203CFAAC-A165-4B5B-9535-7CFCEDA9C907}"
EndProject
Project("{8BC9CEB8-8B4A-11D0-8D11-00A0C91BC942}") = "练习6", "练习6\练习6.vcxproj", "{484FD3DB-EB53-45D2-9950-DBE404F9F496}"
EndProject
Project("{8BC9CEB8-8B4A-11D0-8D11-00A0C91BC942}") = "函数与结构体", "函数与结构体\函数与结构体.vcxproj", "{E911204A-D6E1-426F-A91A-7EED5CF1FBA7}"
EndProject
Project("{8BC9CEB8-8B4A-11D0-8D11-00A0C91BC942}") = "函数与string对象", "函数与string对象\函数与string对象.vcxproj", "{D825C8EA-8D54-4299-BF5B-458D010F5579}"
EndProject
Project("{8BC9CEB8-8B4A-11D0-8D11-00A0C91BC942}") = "函数指针", "函数指针\函数指针.vcxproj", "{667E44A3-7556-4DEB-8C48-36CD339E782E}"
EndProject
Project("{8BC9CEB8-8B4A-11D0-8D11-00A0C91BC942}") = "分离式编译", "分离式编译\分离式编译.vcxproj", "{11922DA8-CF30-4B01-9530-F01ABAC3EC29}"
EndProject
Project("{8BC9CEB8-8B4A-11D0-8D11-00A0C91BC942}") = "练习7", "练习7\练习7.vcxproj", "{902F8E75-5079-4FFC-B8A1-46B1CE9AD639}"
EndProject
Project("{8BC9CEB8-8B4A-11D0-8D11-00A0C91BC942}") = "类声明", "类声明\类声明.vcxproj", "{CCAC7BDE-2250-4E2C-B0EF-4801F98C8BE5}"
EndProject
Project("{8BC9CEB8-8B4A-11D0-8D11-00A0C91BC942}") = "this指针", "this指针\this指针.vcxproj", "{3F391791-3BA3-4EE8-99B7-3D9E24290156}"
EndProject
Project("{8BC9CEB8-8B4A-11D0-8D11-00A0C91BC942}") = "练习8", "练习8\练习8.vcxproj", "{71A99422-A251-4B13-8695-295B98E160C1}"
EndProject
Global
	GlobalSection(SolutionConfigurationPlatforms) = preSolution
		Debug|x64 = Debug|x64
		Debug|x86 = Debug|x86
		Release|x64 = Release|x64
		Release|x86 = Release|x86
	EndGlobalSection
	GlobalSection(ProjectConfigurationPlatforms) = postSolution
		{46EDE042-1164-4E2E-8217-AF26CEE70473}.Debug|x64.ActiveCfg = Debug|x64
		{46EDE042-1164-4E2E-8217-AF26CEE70473}.Debug|x64.Build.0 = Debug|x64
		{46EDE042-1164-4E2E-8217-AF26CEE70473}.Debug|x86.ActiveCfg = Debug|Win32
		{46EDE042-1164-4E2E-8217-AF26CEE70473}.Debug|x86.Build.0 = Debug|Win32
		{46EDE042-1164-4E2E-8217-AF26CEE70473}.Release|x64.ActiveCfg = Release|x64
		{46EDE042-1164-4E2E-8217-AF26CEE70473}.Release|x64.Build.0 = Release|x64
		{46EDE042-1164-4E2E-8217-AF26CEE70473}.Release|x86.ActiveCfg = Release|Win32
		{46EDE042-1164-4E2E-8217-AF26CEE70473}.Release|x86.Build.0 = Release|Win32
		{D3FE94AA-42AF-4509-9C71-62768E42DE2A}.Debug|x64.ActiveCfg = Debug|x64
		{D3FE94AA-42AF-4509-9C71-62768E42DE2A}.Debug|x64.Build.0 = Debug|x64
		{D3FE94AA-42AF-4509-9C71-62768E42DE2A}.Debug|x86.ActiveCfg = Debug|Win32
		{D3FE94AA-42AF-4509-9C71-62768E42DE2A}.Debug|x86.Build.0 = Debug|Win32
		{D3FE94AA-42AF-4509-9C71-62768E42DE2A}.Release|x64.ActiveCfg = Release|x64
		{D3FE94AA-42AF-4509-9C71-62768E42DE2A}.Release|x64.Build.0 = Release|x64
		{D3FE94AA-42AF-4509-9C71-62768E42DE2A}.Release|x86.ActiveCfg = Release|Win32
		{D3FE94AA-42AF-4509-9C71-62768E42DE2A}.Release|x86.Build.0 = Release|Win32
		{580CC7AD-789F-40D4-AF69-EC30B1996833}.Debug|x64.ActiveCfg = Debug|x64
		{580CC7AD-789F-40D4-AF69-EC30B1996833}.Debug|x64.Build.0 = Debug|x64
		{580CC7AD-789F-40D4-AF69-EC30B1996833}.Debug|x86.ActiveCfg = Debug|Win32
		{580CC7AD-789F-40D4-AF69-EC30B1996833}.Debug|x86.Build.0 = Debug|Win32
		{580CC7AD-789F-40D4-AF69-EC30B1996833}.Release|x64.ActiveCfg = Release|x64
		{580CC7AD-789F-40D4-AF69-EC30B1996833}.Release|x64.Build.0 = Release|x64
		{580CC7AD-789F-40D4-AF69-EC30B1996833}.Release|x86.ActiveCfg = Release|Win32
		{580CC7AD-789F-40D4-AF69-EC30B1996833}.Release|x86.Build.0 = Release|Win32
		{7B9216A5-EDFB-49F3-AB74-3569A605C9E4}.Debug|x64.ActiveCfg = Debug|x64
		{7B9216A5-EDFB-49F3-AB74-3569A605C9E4}.Debug|x64.Build.0 = Debug|x64
		{7B9216A5-EDFB-49F3-AB74-3569A605C9E4}.Debug|x86.ActiveCfg = Debug|Win32
		{7B9216A5-EDFB-49F3-AB74-3569A605C9E4}.Debug|x86.Build.0 = Debug|Win32
		{7B9216A5-EDFB-49F3-AB74-3569A605C9E4}.Release|x64.ActiveCfg = Release|x64
		{7B9216A5-EDFB-49F3-AB74-3569A605C9E4}.Release|x64.Build.0 = Release|x64
		{7B9216A5-EDFB-49F3-AB74-3569A605C9E4}.Release|x86.ActiveCfg = Release|Win32
		{7B9216A5-EDFB-49F3-AB74-3569A605C9E4}.Release|x86.Build.0 = Release|Win32
		{8D239626-FDAD-446B-9B61-9E7FA0F47F92}.Debug|x64.ActiveCfg = Debug|x64
		{8D239626-FDAD-446B-9B61-9E7FA0F47F92}.Debug|x64.Build.0 = Debug|x64
		{8D239626-FDAD-446B-9B61-9E7FA0F47F92}.Debug|x86.ActiveCfg = Debug|Win32
		{8D239626-FDAD-446B-9B61-9E7FA0F47F92}.Debug|x86.Build.0 = Debug|Win32
		{8D239626-FDAD-446B-9B61-9E7FA0F47F92}.Release|x64.ActiveCfg = Release|x64
		{8D239626-FDAD-446B-9B61-9E7FA0F47F92}.Release|x64.Build.0 = Release|x64
		{8D239626-FDAD-446B-9B61-9E7FA0F47F92}.Release|x86.ActiveCfg = Release|Win32
		{8D239626-FDAD-446B-9B61-9E7FA0F47F92}.Release|x86.Build.0 = Release|Win32
		{30B7A984-13F1-4B59-BABA-60BDD6EA87CB}.Debug|x64.ActiveCfg = Debug|x64
		{30B7A984-13F1-4B59-BABA-60BDD6EA87CB}.Debug|x64.Build.0 = Debug|x64
		{30B7A984-13F1-4B59-BABA-60BDD6EA87CB}.Debug|x86.ActiveCfg = Debug|Win32
		{30B7A984-13F1-4B59-BABA-60BDD6EA87CB}.Debug|x86.Build.0 = Debug|Win32
		{30B7A984-13F1-4B59-BABA-60BDD6EA87CB}.Release|x64.ActiveCfg = Release|x64
		{30B7A984-13F1-4B59-BABA-60BDD6EA87CB}.Release|x64.Build.0 = Release|x64
		{30B7A984-13F1-4B59-BABA-60BDD6EA87CB}.Release|x86.ActiveCfg = Release|Win32
		{30B7A984-13F1-4B59-BABA-60BDD6EA87CB}.Release|x86.Build.0 = Release|Win32
		{F91F0E1D-B752-4166-B22B-2F8DA15FBD9F}.Debug|x64.ActiveCfg = Debug|x64
		{F91F0E1D-B752-4166-B22B-2F8DA15FBD9F}.Debug|x64.Build.0 = Debug|x64
		{F91F0E1D-B752-4166-B22B-2F8DA15FBD9F}.Debug|x86.ActiveCfg = Debug|Win32
		{F91F0E1D-B752-4166-B22B-2F8DA15FBD9F}.Debug|x86.Build.0 = Debug|Win32
		{F91F0E1D-B752-4166-B22B-2F8DA15FBD9F}.Release|x64.ActiveCfg = Release|x64
		{F91F0E1D-B752-4166-B22B-2F8DA15FBD9F}.Release|x64.Build.0 = Release|x64
		{F91F0E1D-B752-4166-B22B-2F8DA15FBD9F}.Release|x86.ActiveCfg = Release|Win32
		{F91F0E1D-B752-4166-B22B-2F8DA15FBD9F}.Release|x86.Build.0 = Release|Win32
		{130BAE15-8E0D-47D2-BB7D-29A00108D179}.Debug|x64.ActiveCfg = Debug|x64
		{130BAE15-8E0D-47D2-BB7D-29A00108D179}.Debug|x64.Build.0 = Debug|x64
		{130BAE15-8E0D-47D2-BB7D-29A00108D179}.Debug|x86.ActiveCfg = Debug|Win32
		{130BAE15-8E0D-47D2-BB7D-29A00108D179}.Debug|x86.Build.0 = Debug|Win32
		{130BAE15-8E0D-47D2-BB7D-29A00108D179}.Release|x64.ActiveCfg = Release|x64
		{130BAE15-8E0D-47D2-BB7D-29A00108D179}.Release|x64.Build.0 = Release|x64
		{130BAE15-8E0D-47D2-BB7D-29A00108D179}.Release|x86.ActiveCfg = Release|Win32
		{130BAE15-8E0D-47D2-BB7D-29A00108D179}.Release|x86.Build.0 = Release|Win32
		{9AF0FB56-CDFA-4E0B-8B1D-8A9AB5A474B2}.Debug|x64.ActiveCfg = Debug|x64
		{9AF0FB56-CDFA-4E0B-8B1D-8A9AB5A474B2}.Debug|x64.Build.0 = Debug|x64
		{9AF0FB56-CDFA-4E0B-8B1D-8A9AB5A474B2}.Debug|x86.ActiveCfg = Debug|Win32
		{9AF0FB56-CDFA-4E0B-8B1D-8A9AB5A474B2}.Debug|x86.Build.0 = Debug|Win32
		{9AF0FB56-CDFA-4E0B-8B1D-8A9AB5A474B2}.Release|x64.ActiveCfg = Release|x64
		{9AF0FB56-CDFA-4E0B-8B1D-8A9AB5A474B2}.Release|x64.Build.0 = Release|x64
		{9AF0FB56-CDFA-4E0B-8B1D-8A9AB5A474B2}.Release|x86.ActiveCfg = Release|Win32
		{9AF0FB56-CDFA-4E0B-8B1D-8A9AB5A474B2}.Release|x86.Build.0 = Release|Win32
		{EF053A4B-DB73-423A-AFE1-B7BB29064A4F}.Debug|x64.ActiveCfg = Debug|x64
		{EF053A4B-DB73-423A-AFE1-B7BB29064A4F}.Debug|x64.Build.0 = Debug|x64
		{EF053A4B-DB73-423A-AFE1-B7BB29064A4F}.Debug|x86.ActiveCfg = Debug|Win32
		{EF053A4B-DB73-423A-AFE1-B7BB29064A4F}.Debug|x86.Build.0 = Debug|Win32
		{EF053A4B-DB73-423A-AFE1-B7BB29064A4F}.Release|x64.ActiveCfg = Release|x64
		{EF053A4B-DB73-423A-AFE1-B7BB29064A4F}.Release|x64.Build.0 = Release|x64
		{EF053A4B-DB73-423A-AFE1-B7BB29064A4F}.Release|x86.ActiveCfg = Release|Win32
		{EF053A4B-DB73-423A-AFE1-B7BB29064A4F}.Release|x86.Build.0 = Release|Win32
		{1CA7B0BE-0EED-44CB-B565-358B9F34D473}.Debug|x64.ActiveCfg = Debug|x64
		{1CA7B0BE-0EED-44CB-B565-358B9F34D473}.Debug|x64.Build.0 = Debug|x64
		{1CA7B0BE-0EED-44CB-B565-358B9F34D473}.Debug|x86.ActiveCfg = Debug|Win32
		{1CA7B0BE-0EED-44CB-B565-358B9F34D473}.Debug|x86.Build.0 = Debug|Win32
		{1CA7B0BE-0EED-44CB-B565-358B9F34D473}.Release|x64.ActiveCfg = Release|x64
		{1CA7B0BE-0EED-44CB-B565-358B9F34D473}.Release|x64.Build.0 = Release|x64
		{1CA7B0BE-0EED-44CB-B565-358B9F34D473}.Release|x86.ActiveCfg = Release|Win32
		{1CA7B0BE-0EED-44CB-B565-358B9F34D473}.Release|x86.Build.0 = Release|Win32
		{8B1C821E-D308-4909-B890-9BEC02316FA5}.Debug|x64.ActiveCfg = Debug|x64
		{8B1C821E-D308-4909-B890-9BEC02316FA5}.Debug|x64.Build.0 = Debug|x64
		{8B1C821E-D308-4909-B890-9BEC02316FA5}.Debug|x86.ActiveCfg = Debug|Win32
		{8B1C821E-D308-4909-B890-9BEC02316FA5}.Debug|x86.Build.0 = Debug|Win32
		{8B1C821E-D308-4909-B890-9BEC02316FA5}.Release|x64.ActiveCfg = Release|x64
		{8B1C821E-D308-4909-B890-9BEC02316FA5}.Release|x64.Build.0 = Release|x64
		{8B1C821E-D308-4909-B890-9BEC02316FA5}.Release|x86.ActiveCfg = Release|Win32
		{8B1C821E-D308-4909-B890-9BEC02316FA5}.Release|x86.Build.0 = Release|Win32
		{FFE11640-B576-474B-8463-4038A3FC8B92}.Debug|x64.ActiveCfg = Debug|x64
		{FFE11640-B576-474B-8463-4038A3FC8B92}.Debug|x64.Build.0 = Debug|x64
		{FFE11640-B576-474B-8463-4038A3FC8B92}.Debug|x86.ActiveCfg = Debug|Win32
		{FFE11640-B576-474B-8463-4038A3FC8B92}.Debug|x86.Build.0 = Debug|Win32
		{FFE11640-B576-474B-8463-4038A3FC8B92}.Release|x64.ActiveCfg = Release|x64
		{FFE11640-B576-474B-8463-4038A3FC8B92}.Release|x64.Build.0 = Release|x64
		{FFE11640-B576-474B-8463-4038A3FC8B92}.Release|x86.ActiveCfg = Release|Win32
		{FFE11640-B576-474B-8463-4038A3FC8B92}.Release|x86.Build.0 = Release|Win32
		{262D4010-6087-4167-BDF8-6817B629A7AD}.Debug|x64.ActiveCfg = Debug|x64
		{262D4010-6087-4167-BDF8-6817B629A7AD}.Debug|x64.Build.0 = Debug|x64
		{262D4010-6087-4167-BDF8-6817B629A7AD}.Debug|x86.ActiveCfg = Debug|Win32
		{262D4010-6087-4167-BDF8-6817B629A7AD}.Debug|x86.Build.0 = Debug|Win32
		{262D4010-6087-4167-BDF8-6817B629A7AD}.Release|x64.ActiveCfg = Release|x64
		{262D4010-6087-4167-BDF8-6817B629A7AD}.Release|x64.Build.0 = Release|x64
		{262D4010-6087-4167-BDF8-6817B629A7AD}.Release|x86.ActiveCfg = Release|Win32
		{262D4010-6087-4167-BDF8-6817B629A7AD}.Release|x86.Build.0 = Release|Win32
		{627AD0D6-B3DC-4E65-A1D8-159E59868AD9}.Debug|x64.ActiveCfg = Debug|x64
		{627AD0D6-B3DC-4E65-A1D8-159E59868AD9}.Debug|x64.Build.0 = Debug|x64
		{627AD0D6-B3DC-4E65-A1D8-159E59868AD9}.Debug|x86.ActiveCfg = Debug|Win32
		{627AD0D6-B3DC-4E65-A1D8-159E59868AD9}.Debug|x86.Build.0 = Debug|Win32
		{627AD0D6-B3DC-4E65-A1D8-159E59868AD9}.Release|x64.ActiveCfg = Release|x64
		{627AD0D6-B3DC-4E65-A1D8-159E59868AD9}.Release|x64.Build.0 = Release|x64
		{627AD0D6-B3DC-4E65-A1D8-159E59868AD9}.Release|x86.ActiveCfg = Release|Win32
		{627AD0D6-B3DC-4E65-A1D8-159E59868AD9}.Release|x86.Build.0 = Release|Win32
		{41999FCA-C4B6-4DBC-99E6-AB89E9097836}.Debug|x64.ActiveCfg = Debug|x64
		{41999FCA-C4B6-4DBC-99E6-AB89E9097836}.Debug|x64.Build.0 = Debug|x64
		{41999FCA-C4B6-4DBC-99E6-AB89E9097836}.Debug|x86.ActiveCfg = Debug|Win32
		{41999FCA-C4B6-4DBC-99E6-AB89E9097836}.Debug|x86.Build.0 = Debug|Win32
		{41999FCA-C4B6-4DBC-99E6-AB89E9097836}.Release|x64.ActiveCfg = Release|x64
		{41999FCA-C4B6-4DBC-99E6-AB89E9097836}.Release|x64.Build.0 = Release|x64
		{41999FCA-C4B6-4DBC-99E6-AB89E9097836}.Release|x86.ActiveCfg = Release|Win32
		{41999FCA-C4B6-4DBC-99E6-AB89E9097836}.Release|x86.Build.0 = Release|Win32
		{864777DB-2128-4C8A-BF6A-9A2C90702D96}.Debug|x64.ActiveCfg = Debug|x64
		{864777DB-2128-4C8A-BF6A-9A2C90702D96}.Debug|x64.Build.0 = Debug|x64
		{864777DB-2128-4C8A-BF6A-9A2C90702D96}.Debug|x86.ActiveCfg = Debug|Win32
		{864777DB-2128-4C8A-BF6A-9A2C90702D96}.Debug|x86.Build.0 = Debug|Win32
		{864777DB-2128-4C8A-BF6A-9A2C90702D96}.Release|x64.ActiveCfg = Release|x64
		{864777DB-2128-4C8A-BF6A-9A2C90702D96}.Release|x64.Build.0 = Release|x64
		{864777DB-2128-4C8A-BF6A-9A2C90702D96}.Release|x86.ActiveCfg = Release|Win32
		{864777DB-2128-4C8A-BF6A-9A2C90702D96}.Release|x86.Build.0 = Release|Win32
		{A6E4DC46-2344-4A79-8FE0-78086DB1DE88}.Debug|x64.ActiveCfg = Debug|x64
		{A6E4DC46-2344-4A79-8FE0-78086DB1DE88}.Debug|x64.Build.0 = Debug|x64
		{A6E4DC46-2344-4A79-8FE0-78086DB1DE88}.Debug|x86.ActiveCfg = Debug|Win32
		{A6E4DC46-2344-4A79-8FE0-78086DB1DE88}.Debug|x86.Build.0 = Debug|Win32
		{A6E4DC46-2344-4A79-8FE0-78086DB1DE88}.Release|x64.ActiveCfg = Release|x64
		{A6E4DC46-2344-4A79-8FE0-78086DB1DE88}.Release|x64.Build.0 = Release|x64
		{A6E4DC46-2344-4A79-8FE0-78086DB1DE88}.Release|x86.ActiveCfg = Release|Win32
		{A6E4DC46-2344-4A79-8FE0-78086DB1DE88}.Release|x86.Build.0 = Release|Win32
		{5A311AD4-A548-4EA9-A0A4-885083F47AF0}.Debug|x64.ActiveCfg = Debug|x64
		{5A311AD4-A548-4EA9-A0A4-885083F47AF0}.Debug|x64.Build.0 = Debug|x64
		{5A311AD4-A548-4EA9-A0A4-885083F47AF0}.Debug|x86.ActiveCfg = Debug|Win32
		{5A311AD4-A548-4EA9-A0A4-885083F47AF0}.Debug|x86.Build.0 = Debug|Win32
		{5A311AD4-A548-4EA9-A0A4-885083F47AF0}.Release|x64.ActiveCfg = Release|x64
		{5A311AD4-A548-4EA9-A0A4-885083F47AF0}.Release|x64.Build.0 = Release|x64
		{5A311AD4-A548-4EA9-A0A4-885083F47AF0}.Release|x86.ActiveCfg = Release|Win32
		{5A311AD4-A548-4EA9-A0A4-885083F47AF0}.Release|x86.Build.0 = Release|Win32
		{FD4724B3-F539-4790-9250-4993A2C8D819}.Debug|x64.ActiveCfg = Debug|x64
		{FD4724B3-F539-4790-9250-4993A2C8D819}.Debug|x64.Build.0 = Debug|x64
		{FD4724B3-F539-4790-9250-4993A2C8D819}.Debug|x86.ActiveCfg = Debug|Win32
		{FD4724B3-F539-4790-9250-4993A2C8D819}.Debug|x86.Build.0 = Debug|Win32
		{FD4724B3-F539-4790-9250-4993A2C8D819}.Release|x64.ActiveCfg = Release|x64
		{FD4724B3-F539-4790-9250-4993A2C8D819}.Release|x64.Build.0 = Release|x64
		{FD4724B3-F539-4790-9250-4993A2C8D819}.Release|x86.ActiveCfg = Release|Win32
		{FD4724B3-F539-4790-9250-4993A2C8D819}.Release|x86.Build.0 = Release|Win32
		{BD07C97C-340C-4265-AB0B-8B44A06F915F}.Debug|x64.ActiveCfg = Debug|x64
		{BD07C97C-340C-4265-AB0B-8B44A06F915F}.Debug|x64.Build.0 = Debug|x64
		{BD07C97C-340C-4265-AB0B-8B44A06F915F}.Debug|x86.ActiveCfg = Debug|Win32
		{BD07C97C-340C-4265-AB0B-8B44A06F915F}.Debug|x86.Build.0 = Debug|Win32
		{BD07C97C-340C-4265-AB0B-8B44A06F915F}.Release|x64.ActiveCfg = Release|x64
		{BD07C97C-340C-4265-AB0B-8B44A06F915F}.Release|x64.Build.0 = Release|x64
		{BD07C97C-340C-4265-AB0B-8B44A06F915F}.Release|x86.ActiveCfg = Release|Win32
		{BD07C97C-340C-4265-AB0B-8B44A06F915F}.Release|x86.Build.0 = Release|Win32
		{34B13131-AF2B-4C7C-BF00-2985CE6E48D4}.Debug|x64.ActiveCfg = Debug|x64
		{34B13131-AF2B-4C7C-BF00-2985CE6E48D4}.Debug|x64.Build.0 = Debug|x64
		{34B13131-AF2B-4C7C-BF00-2985CE6E48D4}.Debug|x86.ActiveCfg = Debug|Win32
		{34B13131-AF2B-4C7C-BF00-2985CE6E48D4}.Debug|x86.Build.0 = Debug|Win32
		{34B13131-AF2B-4C7C-BF00-2985CE6E48D4}.Release|x64.ActiveCfg = Release|x64
		{34B13131-AF2B-4C7C-BF00-2985CE6E48D4}.Release|x64.Build.0 = Release|x64
		{34B13131-AF2B-4C7C-BF00-2985CE6E48D4}.Release|x86.ActiveCfg = Release|Win32
		{34B13131-AF2B-4C7C-BF00-2985CE6E48D4}.Release|x86.Build.0 = Release|Win32
		{80F04DD2-B612-4498-937B-F0692FF943BC}.Debug|x64.ActiveCfg = Debug|x64
		{80F04DD2-B612-4498-937B-F0692FF943BC}.Debug|x64.Build.0 = Debug|x64
		{80F04DD2-B612-4498-937B-F0692FF943BC}.Debug|x86.ActiveCfg = Debug|Win32
		{80F04DD2-B612-4498-937B-F0692FF943BC}.Debug|x86.Build.0 = Debug|Win32
		{80F04DD2-B612-4498-937B-F0692FF943BC}.Release|x64.ActiveCfg = Release|x64
		{80F04DD2-B612-4498-937B-F0692FF943BC}.Release|x64.Build.0 = Release|x64
		{80F04DD2-B612-4498-937B-F0692FF943BC}.Release|x86.ActiveCfg = Release|Win32
		{80F04DD2-B612-4498-937B-F0692FF943BC}.Release|x86.Build.0 = Release|Win32
		{824AE2CF-09D3-41EC-B552-3B50589C7C07}.Debug|x64.ActiveCfg = Debug|x64
		{824AE2CF-09D3-41EC-B552-3B50589C7C07}.Debug|x64.Build.0 = Debug|x64
		{824AE2CF-09D3-41EC-B552-3B50589C7C07}.Debug|x86.ActiveCfg = Debug|Win32
		{824AE2CF-09D3-41EC-B552-3B50589C7C07}.Debug|x86.Build.0 = Debug|Win32
		{824AE2CF-09D3-41EC-B552-3B50589C7C07}.Release|x64.ActiveCfg = Release|x64
		{824AE2CF-09D3-41EC-B552-3B50589C7C07}.Release|x64.Build.0 = Release|x64
		{824AE2CF-09D3-41EC-B552-3B50589C7C07}.Release|x86.ActiveCfg = Release|Win32
		{824AE2CF-09D3-41EC-B552-3B50589C7C07}.Release|x86.Build.0 = Release|Win32
		{BCDCC4D0-9000-4544-8C8D-ECB28481F4F2}.Debug|x64.ActiveCfg = Debug|x64
		{BCDCC4D0-9000-4544-8C8D-ECB28481F4F2}.Debug|x64.Build.0 = Debug|x64
		{BCDCC4D0-9000-4544-8C8D-ECB28481F4F2}.Debug|x86.ActiveCfg = Debug|Win32
		{BCDCC4D0-9000-4544-8C8D-ECB28481F4F2}.Debug|x86.Build.0 = Debug|Win32
		{BCDCC4D0-9000-4544-8C8D-ECB28481F4F2}.Release|x64.ActiveCfg = Release|x64
		{BCDCC4D0-9000-4544-8C8D-ECB28481F4F2}.Release|x64.Build.0 = Release|x64
		{BCDCC4D0-9000-4544-8C8D-ECB28481F4F2}.Release|x86.ActiveCfg = Release|Win32
		{BCDCC4D0-9000-4544-8C8D-ECB28481F4F2}.Release|x86.Build.0 = Release|Win32
		{203CFAAC-A165-4B5B-9535-7CFCEDA9C907}.Debug|x64.ActiveCfg = Debug|x64
		{203CFAAC-A165-4B5B-9535-7CFCEDA9C907}.Debug|x64.Build.0 = Debug|x64
		{203CFAAC-A165-4B5B-9535-7CFCEDA9C907}.Debug|x86.ActiveCfg = Debug|Win32
		{203CFAAC-A165-4B5B-9535-7CFCEDA9C907}.Debug|x86.Build.0 = Debug|Win32
		{203CFAAC-A165-4B5B-9535-7CFCEDA9C907}.Release|x64.ActiveCfg = Release|x64
		{203CFAAC-A165-4B5B-9535-7CFCEDA9C907}.Release|x64.Build.0 = Release|x64
		{203CFAAC-A165-4B5B-9535-7CFCEDA9C907}.Release|x86.ActiveCfg = Release|Win32
		{203CFAAC-A165-4B5B-9535-7CFCEDA9C907}.Release|x86.Build.0 = Release|Win32
		{484FD3DB-EB53-45D2-9950-DBE404F9F496}.Debug|x64.ActiveCfg = Debug|x64
		{484FD3DB-EB53-45D2-9950-DBE404F9F496}.Debug|x64.Build.0 = Debug|x64
		{484FD3DB-EB53-45D2-9950-DBE404F9F496}.Debug|x86.ActiveCfg = Debug|Win32
		{484FD3DB-EB53-45D2-9950-DBE404F9F496}.Debug|x86.Build.0 = Debug|Win32
		{484FD3DB-EB53-45D2-9950-DBE404F9F496}.Release|x64.ActiveCfg = Release|x64
		{484FD3DB-EB53-45D2-9950-DBE404F9F496}.Release|x64.Build.0 = Release|x64
		{484FD3DB-EB53-45D2-9950-DBE404F9F496}.Release|x86.ActiveCfg = Release|Win32
		{484FD3DB-EB53-45D2-9950-DBE404F9F496}.Release|x86.Build.0 = Release|Win32
		{E911204A-D6E1-426F-A91A-7EED5CF1FBA7}.Debug|x64.ActiveCfg = Debug|x64
		{E911204A-D6E1-426F-A91A-7EED5CF1FBA7}.Debug|x64.Build.0 = Debug|x64
		{E911204A-D6E1-426F-A91A-7EED5CF1FBA7}.Debug|x86.ActiveCfg = Debug|Win32
		{E911204A-D6E1-426F-A91A-7EED5CF1FBA7}.Debug|x86.Build.0 = Debug|Win32
		{E911204A-D6E1-426F-A91A-7EED5CF1FBA7}.Release|x64.ActiveCfg = Release|x64
		{E911204A-D6E1-426F-A91A-7EED5CF1FBA7}.Release|x64.Build.0 = Release|x64
		{E911204A-D6E1-426F-A91A-7EED5CF1FBA7}.Release|x86.ActiveCfg = Release|Win32
		{E911204A-D6E1-426F-A91A-7EED5CF1FBA7}.Release|x86.Build.0 = Release|Win32
		{D825C8EA-8D54-4299-BF5B-458D010F5579}.Debug|x64.ActiveCfg = Debug|x64
		{D825C8EA-8D54-4299-BF5B-458D010F5579}.Debug|x64.Build.0 = Debug|x64
		{D825C8EA-8D54-4299-BF5B-458D010F5579}.Debug|x86.ActiveCfg = Debug|Win32
		{D825C8EA-8D54-4299-BF5B-458D010F5579}.Debug|x86.Build.0 = Debug|Win32
		{D825C8EA-8D54-4299-BF5B-458D010F5579}.Release|x64.ActiveCfg = Release|x64
		{D825C8EA-8D54-4299-BF5B-458D010F5579}.Release|x64.Build.0 = Release|x64
		{D825C8EA-8D54-4299-BF5B-458D010F5579}.Release|x86.ActiveCfg = Release|Win32
		{D825C8EA-8D54-4299-BF5B-458D010F5579}.Release|x86.Build.0 = Release|Win32
		{667E44A3-7556-4DEB-8C48-36CD339E782E}.Debug|x64.ActiveCfg = Debug|x64
		{667E44A3-7556-4DEB-8C48-36CD339E782E}.Debug|x64.Build.0 = Debug|x64
		{667E44A3-7556-4DEB-8C48-36CD339E782E}.Debug|x86.ActiveCfg = Debug|Win32
		{667E44A3-7556-4DEB-8C48-36CD339E782E}.Debug|x86.Build.0 = Debug|Win32
		{667E44A3-7556-4DEB-8C48-36CD339E782E}.Release|x64.ActiveCfg = Release|x64
		{667E44A3-7556-4DEB-8C48-36CD339E782E}.Release|x64.Build.0 = Release|x64
		{667E44A3-7556-4DEB-8C48-36CD339E782E}.Release|x86.ActiveCfg = Release|Win32
		{667E44A3-7556-4DEB-8C48-36CD339E782E}.Release|x86.Build.0 = Release|Win32
		{11922DA8-CF30-4B01-9530-F01ABAC3EC29}.Debug|x64.ActiveCfg = Debug|x64
		{11922DA8-CF30-4B01-9530-F01ABAC3EC29}.Debug|x64.Build.0 = Debug|x64
		{11922DA8-CF30-4B01-9530-F01ABAC3EC29}.Debug|x86.ActiveCfg = Debug|Win32
		{11922DA8-CF30-4B01-9530-F01ABAC3EC29}.Debug|x86.Build.0 = Debug|Win32
		{11922DA8-CF30-4B01-9530-F01ABAC3EC29}.Release|x64.ActiveCfg = Release|x64
		{11922DA8-CF30-4B01-9530-F01ABAC3EC29}.Release|x64.Build.0 = Release|x64
		{11922DA8-CF30-4B01-9530-F01ABAC3EC29}.Release|x86.ActiveCfg = Release|Win32
		{11922DA8-CF30-4B01-9530-F01ABAC3EC29}.Release|x86.Build.0 = Release|Win32
		{902F8E75-5079-4FFC-B8A1-46B1CE9AD639}.Debug|x64.ActiveCfg = Debug|x64
		{902F8E75-5079-4FFC-B8A1-46B1CE9AD639}.Debug|x64.Build.0 = Debug|x64
		{902F8E75-5079-4FFC-B8A1-46B1CE9AD639}.Debug|x86.ActiveCfg = Debug|Win32
		{902F8E75-5079-4FFC-B8A1-46B1CE9AD639}.Debug|x86.Build.0 = Debug|Win32
		{902F8E75-5079-4FFC-B8A1-46B1CE9AD639}.Release|x64.ActiveCfg = Release|x64
		{902F8E75-5079-4FFC-B8A1-46B1CE9AD639}.Release|x64.Build.0 = Release|x64
		{902F8E75-5079-4FFC-B8A1-46B1CE9AD639}.Release|x86.ActiveCfg = Release|Win32
		{902F8E75-5079-4FFC-B8A1-46B1CE9AD639}.Release|x86.Build.0 = Release|Win32
		{CCAC7BDE-2250-4E2C-B0EF-4801F98C8BE5}.Debug|x64.ActiveCfg = Debug|x64
		{CCAC7BDE-2250-4E2C-B0EF-4801F98C8BE5}.Debug|x64.Build.0 = Debug|x64
		{CCAC7BDE-2250-4E2C-B0EF-4801F98C8BE5}.Debug|x86.ActiveCfg = Debug|Win32
		{CCAC7BDE-2250-4E2C-B0EF-4801F98C8BE5}.Debug|x86.Build.0 = Debug|Win32
		{CCAC7BDE-2250-4E2C-B0EF-4801F98C8BE5}.Release|x64.ActiveCfg = Release|x64
		{CCAC7BDE-2250-4E2C-B0EF-4801F98C8BE5}.Release|x64.Build.0 = Release|x64
		{CCAC7BDE-2250-4E2C-B0EF-4801F98C8BE5}.Release|x86.ActiveCfg = Release|Win32
		{CCAC7BDE-2250-4E2C-B0EF-4801F98C8BE5}.Release|x86.Build.0 = Release|Win32
		{3F391791-3BA3-4EE8-99B7-3D9E24290156}.Debug|x64.ActiveCfg = Debug|x64
		{3F391791-3BA3-4EE8-99B7-3D9E24290156}.Debug|x64.Build.0 = Debug|x64
		{3F391791-3BA3-4EE8-99B7-3D9E24290156}.Debug|x86.ActiveCfg = Debug|Win32
		{3F391791-3BA3-4EE8-99B7-3D9E24290156}.Debug|x86.Build.0 = Debug|Win32
		{3F391791-3BA3-4EE8-99B7-3D9E24290156}.Release|x64.ActiveCfg = Release|x64
		{3F391791-3BA3-4EE8-99B7-3D9E24290156}.Release|x64.Build.0 = Release|x64
		{3F391791-3BA3-4EE8-99B7-3D9E24290156}.Release|x86.ActiveCfg = Release|Win32
		{3F391791-3BA3-4EE8-99B7-3D9E24290156}.Release|x86.Build.0 = Release|Win32
		{71A99422-A251-4B13-8695-295B98E160C1}.Debug|x64.ActiveCfg = Debug|x64
		{71A99422-A251-4B13-8695-295B98E160C1}.Debug|x64.Build.0 = Debug|x64
		{71A99422-A251-4B13-8695-295B98E160C1}.Debug|x86.ActiveCfg = Debug|Win32
		{71A99422-A251-4B13-8695-295B98E160C1}.Debug|x86.Build.0 = Debug|Win32
		{71A99422-A251-4B13-8695-295B98E160C1}.Release|x64.ActiveCfg = Release|x64
		{71A99422-A251-4B13-8695-295B98E160C1}.Release|x64.Build.0 = Release|x64
		{71A99422-A251-4B13-8695-295B98E160C1}.Release|x86.ActiveCfg = Release|Win32
		{71A99422-A251-4B13-8695-295B98E160C1}.Release|x86.Build.0 = Release|Win32
	EndGlobalSection
	GlobalSection(SolutionProperties) = preSolution
		HideSolutionNode = FALSE
	EndGlobalSection
	GlobalSection(ExtensibilityGlobals) = postSolution
		SolutionGuid = {B667CFEB-6DE6-4E82-B3ED-4B491489B6D2}
	EndGlobalSection
EndGlobal
