
Microsoft Visual Studio Solution File, Format Version 12.00
# Visual Studio 14
VisualStudioVersion = 14.0.25420.1
MinimumVisualStudioVersion = 10.0.40219.1
Project("{8BC9CEB8-8B4A-11D0-8D11-00A0C91BC942}") = "变量", "变量\变量.vcxproj", "{46EDE042-1164-4E2E-8217-AF26CEE70473}"
EndProject
Project("{8BC9CEB8-8B4A-11D0-8D11-00A0C91BC942}") = "类型转换", "类型转换\类型转换.vcxproj", "{D3FE94AA-42AF-4509-9C71-62768E42DE2A}"
EndProject
Project("{8BC9CEB8-8B4A-11D0-8D11-00A0C91BC942}") = "练习", "练习\练习.vcxproj", "{580CC7AD-789F-40D4-AF69-EC30B1996833}"
EndProject
Project("{8BC9CEB8-8B4A-11D0-8D11-00A0C91BC942}") = "数组", "数组\数组.vcxproj", "{7B9216A5-EDFB-49F3-AB74-3569A605C9E4}"
EndProject
Project("{8BC9CEB8-8B4A-11D0-8D11-00A0C91BC942}") = "字符串", "字符串\字符串.vcxproj", "{8D239626-FDAD-446B-9B61-9E7FA0F47F92}"
EndProject
Project("{8BC9CEB8-8B4A-11D0-8D11-00A0C91BC942}") = "string类库风格字符串", "string类库风格字符串\string类库风格字符串.vcxproj", "{30B7A984-13F1-4B59-BABA-60BDD6EA87CB}"
EndProject
Project("{8BC9CEB8-8B4A-11D0-8D11-00A0C91BC942}") = "结构体", "结构体\结构体.vcxproj", "{F91F0E1D-B752-4166-B22B-2F8DA15FBD9F}"
EndProject
Project("{8BC9CEB8-8B4A-11D0-8D11-00A0C91BC942}") = "枚举类型", "枚举类型\枚举类型.vcxproj", "{130BAE15-8E0D-47D2-BB7D-29A00108D179}"
EndProject
Project("{8BC9CEB8-8B4A-11D0-8D11-00A0C91BC942}") = "内存和地址", "内存和地址\内存和地址.vcxproj", "{9AF0FB56-CDFA-4E0B-8B1D-8A9AB5A474B2}"
EndProject
Project("{8BC9CEB8-8B4A-11D0-8D11-00A0C91BC942}") = "指针与数组", "指针与数组\指针与数组.vcxproj", "{EF053A4B-DB73-423A-AFE1-B7BB29064A4F}"
EndProject
Global
	GlobalSection(SolutionConfigurationPlatforms) = preSolution
		Debug|x64 = Debug|x64
		Debug|x86 = Debug|x86
		Release|x64 = Release|x64
		Release|x86 = Release|x86
	EndGlobalSection
	GlobalSection(ProjectConfigurationPlatforms) = postSolution
		{46EDE042-1164-4E2E-8217-AF26CEE70473}.Debug|x64.ActiveCfg = Debug|x64
		{46EDE042-1164-4E2E-8217-AF26CEE70473}.Debug|x64.Build.0 = Debug|x64
		{46EDE042-1164-4E2E-8217-AF26CEE70473}.Debug|x86.ActiveCfg = Debug|Win32
		{46EDE042-1164-4E2E-8217-AF26CEE70473}.Debug|x86.Build.0 = Debug|Win32
		{46EDE042-1164-4E2E-8217-AF26CEE70473}.Release|x64.ActiveCfg = Release|x64
		{46EDE042-1164-4E2E-8217-AF26CEE70473}.Release|x64.Build.0 = Release|x64
		{46EDE042-1164-4E2E-8217-AF26CEE70473}.Release|x86.ActiveCfg = Release|Win32
		{46EDE042-1164-4E2E-8217-AF26CEE70473}.Release|x86.Build.0 = Release|Win32
		{D3FE94AA-42AF-4509-9C71-62768E42DE2A}.Debug|x64.ActiveCfg = Debug|x64
		{D3FE94AA-42AF-4509-9C71-62768E42DE2A}.Debug|x64.Build.0 = Debug|x64
		{D3FE94AA-42AF-4509-9C71-62768E42DE2A}.Debug|x86.ActiveCfg = Debug|Win32
		{D3FE94AA-42AF-4509-9C71-62768E42DE2A}.Debug|x86.Build.0 = Debug|Win32
		{D3FE94AA-42AF-4509-9C71-62768E42DE2A}.Release|x64.ActiveCfg = Release|x64
		{D3FE94AA-42AF-4509-9C71-62768E42DE2A}.Release|x64.Build.0 = Release|x64
		{D3FE94AA-42AF-4509-9C71-62768E42DE2A}.Release|x86.ActiveCfg = Release|Win32
		{D3FE94AA-42AF-4509-9C71-62768E42DE2A}.Release|x86.Build.0 = Release|Win32
		{580CC7AD-789F-40D4-AF69-EC30B1996833}.Debug|x64.ActiveCfg = Debug|x64
		{580CC7AD-789F-40D4-AF69-EC30B1996833}.Debug|x64.Build.0 = Debug|x64
		{580CC7AD-789F-40D4-AF69-EC30B1996833}.Debug|x86.ActiveCfg = Debug|Win32
		{580CC7AD-789F-40D4-AF69-EC30B1996833}.Debug|x86.Build.0 = Debug|Win32
		{580CC7AD-789F-40D4-AF69-EC30B1996833}.Release|x64.ActiveCfg = Release|x64
		{580CC7AD-789F-40D4-AF69-EC30B1996833}.Release|x64.Build.0 = Release|x64
		{580CC7AD-789F-40D4-AF69-EC30B1996833}.Release|x86.ActiveCfg = Release|Win32
		{580CC7AD-789F-40D4-AF69-EC30B1996833}.Release|x86.Build.0 = Release|Win32
		{7B9216A5-EDFB-49F3-AB74-3569A605C9E4}.Debug|x64.ActiveCfg = Debug|x64
		{7B9216A5-EDFB-49F3-AB74-3569A605C9E4}.Debug|x64.Build.0 = Debug|x64
		{7B9216A5-EDFB-49F3-AB74-3569A605C9E4}.Debug|x86.ActiveCfg = Debug|Win32
		{7B9216A5-EDFB-49F3-AB74-3569A605C9E4}.Debug|x86.Build.0 = Debug|Win32
		{7B9216A5-EDFB-49F3-AB74-3569A605C9E4}.Release|x64.ActiveCfg = Release|x64
		{7B9216A5-EDFB-49F3-AB74-3569A605C9E4}.Release|x64.Build.0 = Release|x64
		{7B9216A5-EDFB-49F3-AB74-3569A605C9E4}.Release|x86.ActiveCfg = Release|Win32
		{7B9216A5-EDFB-49F3-AB74-3569A605C9E4}.Release|x86.Build.0 = Release|Win32
		{8D239626-FDAD-446B-9B61-9E7FA0F47F92}.Debug|x64.ActiveCfg = Debug|x64
		{8D239626-FDAD-446B-9B61-9E7FA0F47F92}.Debug|x64.Build.0 = Debug|x64
		{8D239626-FDAD-446B-9B61-9E7FA0F47F92}.Debug|x86.ActiveCfg = Debug|Win32
		{8D239626-FDAD-446B-9B61-9E7FA0F47F92}.Debug|x86.Build.0 = Debug|Win32
		{8D239626-FDAD-446B-9B61-9E7FA0F47F92}.Release|x64.ActiveCfg = Release|x64
		{8D239626-FDAD-446B-9B61-9E7FA0F47F92}.Release|x64.Build.0 = Release|x64
		{8D239626-FDAD-446B-9B61-9E7FA0F47F92}.Release|x86.ActiveCfg = Release|Win32
		{8D239626-FDAD-446B-9B61-9E7FA0F47F92}.Release|x86.Build.0 = Release|Win32
		{30B7A984-13F1-4B59-BABA-60BDD6EA87CB}.Debug|x64.ActiveCfg = Debug|x64
		{30B7A984-13F1-4B59-BABA-60BDD6EA87CB}.Debug|x64.Build.0 = Debug|x64
		{30B7A984-13F1-4B59-BABA-60BDD6EA87CB}.Debug|x86.ActiveCfg = Debug|Win32
		{30B7A984-13F1-4B59-BABA-60BDD6EA87CB}.Debug|x86.Build.0 = Debug|Win32
		{30B7A984-13F1-4B59-BABA-60BDD6EA87CB}.Release|x64.ActiveCfg = Release|x64
		{30B7A984-13F1-4B59-BABA-60BDD6EA87CB}.Release|x64.Build.0 = Release|x64
		{30B7A984-13F1-4B59-BABA-60BDD6EA87CB}.Release|x86.ActiveCfg = Release|Win32
		{30B7A984-13F1-4B59-BABA-60BDD6EA87CB}.Release|x86.Build.0 = Release|Win32
		{F91F0E1D-B752-4166-B22B-2F8DA15FBD9F}.Debug|x64.ActiveCfg = Debug|x64
		{F91F0E1D-B752-4166-B22B-2F8DA15FBD9F}.Debug|x64.Build.0 = Debug|x64
		{F91F0E1D-B752-4166-B22B-2F8DA15FBD9F}.Debug|x86.ActiveCfg = Debug|Win32
		{F91F0E1D-B752-4166-B22B-2F8DA15FBD9F}.Debug|x86.Build.0 = Debug|Win32
		{F91F0E1D-B752-4166-B22B-2F8DA15FBD9F}.Release|x64.ActiveCfg = Release|x64
		{F91F0E1D-B752-4166-B22B-2F8DA15FBD9F}.Release|x64.Build.0 = Release|x64
		{F91F0E1D-B752-4166-B22B-2F8DA15FBD9F}.Release|x86.ActiveCfg = Release|Win32
		{F91F0E1D-B752-4166-B22B-2F8DA15FBD9F}.Release|x86.Build.0 = Release|Win32
		{130BAE15-8E0D-47D2-BB7D-29A00108D179}.Debug|x64.ActiveCfg = Debug|x64
		{130BAE15-8E0D-47D2-BB7D-29A00108D179}.Debug|x64.Build.0 = Debug|x64
		{130BAE15-8E0D-47D2-BB7D-29A00108D179}.Debug|x86.ActiveCfg = Debug|Win32
		{130BAE15-8E0D-47D2-BB7D-29A00108D179}.Debug|x86.Build.0 = Debug|Win32
		{130BAE15-8E0D-47D2-BB7D-29A00108D179}.Release|x64.ActiveCfg = Release|x64
		{130BAE15-8E0D-47D2-BB7D-29A00108D179}.Release|x64.Build.0 = Release|x64
		{130BAE15-8E0D-47D2-BB7D-29A00108D179}.Release|x86.ActiveCfg = Release|Win32
		{130BAE15-8E0D-47D2-BB7D-29A00108D179}.Release|x86.Build.0 = Release|Win32
		{9AF0FB56-CDFA-4E0B-8B1D-8A9AB5A474B2}.Debug|x64.ActiveCfg = Debug|x64
		{9AF0FB56-CDFA-4E0B-8B1D-8A9AB5A474B2}.Debug|x64.Build.0 = Debug|x64
		{9AF0FB56-CDFA-4E0B-8B1D-8A9AB5A474B2}.Debug|x86.ActiveCfg = Debug|Win32
		{9AF0FB56-CDFA-4E0B-8B1D-8A9AB5A474B2}.Debug|x86.Build.0 = Debug|Win32
		{9AF0FB56-CDFA-4E0B-8B1D-8A9AB5A474B2}.Release|x64.ActiveCfg = Release|x64
		{9AF0FB56-CDFA-4E0B-8B1D-8A9AB5A474B2}.Release|x64.Build.0 = Release|x64
		{9AF0FB56-CDFA-4E0B-8B1D-8A9AB5A474B2}.Release|x86.ActiveCfg = Release|Win32
		{9AF0FB56-CDFA-4E0B-8B1D-8A9AB5A474B2}.Release|x86.Build.0 = Release|Win32
		{EF053A4B-DB73-423A-AFE1-B7BB29064A4F}.Debug|x64.ActiveCfg = Debug|x64
		{EF053A4B-DB73-423A-AFE1-B7BB29064A4F}.Debug|x64.Build.0 = Debug|x64
		{EF053A4B-DB73-423A-AFE1-B7BB29064A4F}.Debug|x86.ActiveCfg = Debug|Win32
		{EF053A4B-DB73-423A-AFE1-B7BB29064A4F}.Debug|x86.Build.0 = Debug|Win32
		{EF053A4B-DB73-423A-AFE1-B7BB29064A4F}.Release|x64.ActiveCfg = Release|x64
		{EF053A4B-DB73-423A-AFE1-B7BB29064A4F}.Release|x64.Build.0 = Release|x64
		{EF053A4B-DB73-423A-AFE1-B7BB29064A4F}.Release|x86.ActiveCfg = Release|Win32
		{EF053A4B-DB73-423A-AFE1-B7BB29064A4F}.Release|x86.Build.0 = Release|Win32
	EndGlobalSection
	GlobalSection(SolutionProperties) = preSolution
		HideSolutionNode = FALSE
	EndGlobalSection
EndGlobal
