
Microsoft Visual Studio Solution File, Format Version 12.00
# Visual Studio Version 16
VisualStudioVersion = 16.0.31025.194
MinimumVisualStudioVersion = 10.0.40219.1
Project("{8BC9CEB8-8B4A-11D0-8D11-00A0C91BC942}") = "01基本", "01基本\01基本.vcxproj", "{11954501-C1E9-4E35-A002-18711F5962BC}"
EndProject
Project("{8BC9CEB8-8B4A-11D0-8D11-00A0C91BC942}") = "01作业", "01作业\01作业.vcxproj", "{FEA34B22-6AC5-4C1C-AE9F-E3C878FE734A}"
EndProject
Project("{8BC9CEB8-8B4A-11D0-8D11-00A0C91BC942}") = "02杀掉QQ", "02杀掉QQ\02杀掉QQ.vcxproj", "{3EEB818E-1F39-4B71-B057-7CD220ECFA79}"
EndProject
Project("{8BC9CEB8-8B4A-11D0-8D11-00A0C91BC942}") = "02作业", "02作业\02作业.vcxproj", "{25D5961E-F788-4A38-B198-D316EFAF27F2}"
EndProject
Project("{8BC9CEB8-8B4A-11D0-8D11-00A0C91BC942}") = "03include", "03include\03include.vcxproj", "{2944F9DC-FF94-4B99-8879-DD75A0F7A7A4}"
EndProject
Project("{8BC9CEB8-8B4A-11D0-8D11-00A0C91BC942}") = "04变量", "04变量\04变量.vcxproj", "{D76417C5-BB97-4129-87E3-260E8E629B82}"
EndProject
Project("{8BC9CEB8-8B4A-11D0-8D11-00A0C91BC942}") = "04常量", "04常量\04常量.vcxproj", "{8D4B4E49-598A-4E7C-91AB-27E1215D4AA2}"
EndProject
Project("{8BC9CEB8-8B4A-11D0-8D11-00A0C91BC942}") = "06进制转换", "06进制转换\06进制转换.vcxproj", "{9B76AC97-03E3-4AFE-A534-346A05400326}"
EndProject
Project("{8BC9CEB8-8B4A-11D0-8D11-00A0C91BC942}") = "08数据类型", "08数据类型\08数据类型.vcxproj", "{2D85147D-5DF3-473A-B52D-1855A6ECEF22}"
EndProject
Project("{8BC9CEB8-8B4A-11D0-8D11-00A0C91BC942}") = "10长短整数", "10长短整数\10长短整数.vcxproj", "{CF21CA3F-7F59-4957-B1F0-620805F59163}"
EndProject
Project("{8BC9CEB8-8B4A-11D0-8D11-00A0C91BC942}") = "11浮点数", "11浮点数\11浮点数.vcxproj", "{DF0BEE6D-BEE3-4995-B65D-4648EB984010}"
EndProject
Project("{8BC9CEB8-8B4A-11D0-8D11-00A0C91BC942}") = "12字符变量和字符常量", "12字符变量和字符常量\12字符变量和字符常量.vcxproj", "{5C04D541-76A2-434E-B02B-F4732DE0B754}"
EndProject
Project("{8BC9CEB8-8B4A-11D0-8D11-00A0C91BC942}") = "15隐式类型转换", "15隐式类型转换\15隐式类型转换.vcxproj", "{BA004F70-3179-4EAD-939B-4ADE1DD76158}"
EndProject
Project("{8BC9CEB8-8B4A-11D0-8D11-00A0C91BC942}") = "16强制类型转换", "16显式类型转换\16显式类型转换.vcxproj", "{AB8672D2-EB59-448A-83A3-4D25848414D1}"
EndProject
Project("{8BC9CEB8-8B4A-11D0-8D11-00A0C91BC942}") = "17加减运算", "17加减运算\17加减运算.vcxproj", "{408B1FDF-3093-44FF-A87D-511DF9A739B5}"
EndProject
Project("{8BC9CEB8-8B4A-11D0-8D11-00A0C91BC942}") = "18 ++和--", "18 ++和--\18 ++和--.vcxproj", "{73DC46F8-0FC0-41AB-8573-152D02ED0C6C}"
EndProject
Project("{8BC9CEB8-8B4A-11D0-8D11-00A0C91BC942}") = "19复合赋值运算符", "19复合赋值运算符\19复合赋值运算符.vcxproj", "{93900E8F-1B67-4D65-9C29-33AEB06A5681}"
EndProject
Project("{8BC9CEB8-8B4A-11D0-8D11-00A0C91BC942}") = "20关系运算符和逻辑运算符", "20关系运算符和逻辑运算符\20关系运算符和逻辑运算符.vcxproj", "{2D290A8F-EE86-4CA0-A02A-2FF29CC6DF69}"
EndProject
Project("{8BC9CEB8-8B4A-11D0-8D11-00A0C91BC942}") = "21scanf函数", "21scanf函数\21scanf函数.vcxproj", "{51EA37DA-6E8C-46A1-81F9-7863DCCE5BBE}"
EndProject
Global
	GlobalSection(SolutionConfigurationPlatforms) = preSolution
		Debug|x64 = Debug|x64
		Debug|x86 = Debug|x86
		Release|x64 = Release|x64
		Release|x86 = Release|x86
	EndGlobalSection
	GlobalSection(ProjectConfigurationPlatforms) = postSolution
		{11954501-C1E9-4E35-A002-18711F5962BC}.Debug|x64.ActiveCfg = Debug|x64
		{11954501-C1E9-4E35-A002-18711F5962BC}.Debug|x64.Build.0 = Debug|x64
		{11954501-C1E9-4E35-A002-18711F5962BC}.Debug|x86.ActiveCfg = Debug|Win32
		{11954501-C1E9-4E35-A002-18711F5962BC}.Debug|x86.Build.0 = Debug|Win32
		{11954501-C1E9-4E35-A002-18711F5962BC}.Release|x64.ActiveCfg = Release|x64
		{11954501-C1E9-4E35-A002-18711F5962BC}.Release|x64.Build.0 = Release|x64
		{11954501-C1E9-4E35-A002-18711F5962BC}.Release|x86.ActiveCfg = Release|Win32
		{11954501-C1E9-4E35-A002-18711F5962BC}.Release|x86.Build.0 = Release|Win32
		{FEA34B22-6AC5-4C1C-AE9F-E3C878FE734A}.Debug|x64.ActiveCfg = Debug|x64
		{FEA34B22-6AC5-4C1C-AE9F-E3C878FE734A}.Debug|x64.Build.0 = Debug|x64
		{FEA34B22-6AC5-4C1C-AE9F-E3C878FE734A}.Debug|x86.ActiveCfg = Debug|Win32
		{FEA34B22-6AC5-4C1C-AE9F-E3C878FE734A}.Debug|x86.Build.0 = Debug|Win32
		{FEA34B22-6AC5-4C1C-AE9F-E3C878FE734A}.Release|x64.ActiveCfg = Release|x64
		{FEA34B22-6AC5-4C1C-AE9F-E3C878FE734A}.Release|x64.Build.0 = Release|x64
		{FEA34B22-6AC5-4C1C-AE9F-E3C878FE734A}.Release|x86.ActiveCfg = Release|Win32
		{FEA34B22-6AC5-4C1C-AE9F-E3C878FE734A}.Release|x86.Build.0 = Release|Win32
		{3EEB818E-1F39-4B71-B057-7CD220ECFA79}.Debug|x64.ActiveCfg = Debug|x64
		{3EEB818E-1F39-4B71-B057-7CD220ECFA79}.Debug|x64.Build.0 = Debug|x64
		{3EEB818E-1F39-4B71-B057-7CD220ECFA79}.Debug|x86.ActiveCfg = Debug|Win32
		{3EEB818E-1F39-4B71-B057-7CD220ECFA79}.Debug|x86.Build.0 = Debug|Win32
		{3EEB818E-1F39-4B71-B057-7CD220ECFA79}.Release|x64.ActiveCfg = Release|x64
		{3EEB818E-1F39-4B71-B057-7CD220ECFA79}.Release|x64.Build.0 = Release|x64
		{3EEB818E-1F39-4B71-B057-7CD220ECFA79}.Release|x86.ActiveCfg = Release|Win32
		{3EEB818E-1F39-4B71-B057-7CD220ECFA79}.Release|x86.Build.0 = Release|Win32
		{25D5961E-F788-4A38-B198-D316EFAF27F2}.Debug|x64.ActiveCfg = Debug|x64
		{25D5961E-F788-4A38-B198-D316EFAF27F2}.Debug|x64.Build.0 = Debug|x64
		{25D5961E-F788-4A38-B198-D316EFAF27F2}.Debug|x86.ActiveCfg = Debug|Win32
		{25D5961E-F788-4A38-B198-D316EFAF27F2}.Debug|x86.Build.0 = Debug|Win32
		{25D5961E-F788-4A38-B198-D316EFAF27F2}.Release|x64.ActiveCfg = Release|x64
		{25D5961E-F788-4A38-B198-D316EFAF27F2}.Release|x64.Build.0 = Release|x64
		{25D5961E-F788-4A38-B198-D316EFAF27F2}.Release|x86.ActiveCfg = Release|Win32
		{25D5961E-F788-4A38-B198-D316EFAF27F2}.Release|x86.Build.0 = Release|Win32
		{2944F9DC-FF94-4B99-8879-DD75A0F7A7A4}.Debug|x64.ActiveCfg = Debug|x64
		{2944F9DC-FF94-4B99-8879-DD75A0F7A7A4}.Debug|x64.Build.0 = Debug|x64
		{2944F9DC-FF94-4B99-8879-DD75A0F7A7A4}.Debug|x86.ActiveCfg = Debug|Win32
		{2944F9DC-FF94-4B99-8879-DD75A0F7A7A4}.Debug|x86.Build.0 = Debug|Win32
		{2944F9DC-FF94-4B99-8879-DD75A0F7A7A4}.Release|x64.ActiveCfg = Release|x64
		{2944F9DC-FF94-4B99-8879-DD75A0F7A7A4}.Release|x64.Build.0 = Release|x64
		{2944F9DC-FF94-4B99-8879-DD75A0F7A7A4}.Release|x86.ActiveCfg = Release|Win32
		{2944F9DC-FF94-4B99-8879-DD75A0F7A7A4}.Release|x86.Build.0 = Release|Win32
		{D76417C5-BB97-4129-87E3-260E8E629B82}.Debug|x64.ActiveCfg = Debug|x64
		{D76417C5-BB97-4129-87E3-260E8E629B82}.Debug|x64.Build.0 = Debug|x64
		{D76417C5-BB97-4129-87E3-260E8E629B82}.Debug|x86.ActiveCfg = Debug|Win32
		{D76417C5-BB97-4129-87E3-260E8E629B82}.Debug|x86.Build.0 = Debug|Win32
		{D76417C5-BB97-4129-87E3-260E8E629B82}.Release|x64.ActiveCfg = Release|x64
		{D76417C5-BB97-4129-87E3-260E8E629B82}.Release|x64.Build.0 = Release|x64
		{D76417C5-BB97-4129-87E3-260E8E629B82}.Release|x86.ActiveCfg = Release|Win32
		{D76417C5-BB97-4129-87E3-260E8E629B82}.Release|x86.Build.0 = Release|Win32
		{8D4B4E49-598A-4E7C-91AB-27E1215D4AA2}.Debug|x64.ActiveCfg = Debug|x64
		{8D4B4E49-598A-4E7C-91AB-27E1215D4AA2}.Debug|x64.Build.0 = Debug|x64
		{8D4B4E49-598A-4E7C-91AB-27E1215D4AA2}.Debug|x86.ActiveCfg = Debug|Win32
		{8D4B4E49-598A-4E7C-91AB-27E1215D4AA2}.Debug|x86.Build.0 = Debug|Win32
		{8D4B4E49-598A-4E7C-91AB-27E1215D4AA2}.Release|x64.ActiveCfg = Release|x64
		{8D4B4E49-598A-4E7C-91AB-27E1215D4AA2}.Release|x64.Build.0 = Release|x64
		{8D4B4E49-598A-4E7C-91AB-27E1215D4AA2}.Release|x86.ActiveCfg = Release|Win32
		{8D4B4E49-598A-4E7C-91AB-27E1215D4AA2}.Release|x86.Build.0 = Release|Win32
		{9B76AC97-03E3-4AFE-A534-346A05400326}.Debug|x64.ActiveCfg = Debug|x64
		{9B76AC97-03E3-4AFE-A534-346A05400326}.Debug|x64.Build.0 = Debug|x64
		{9B76AC97-03E3-4AFE-A534-346A05400326}.Debug|x86.ActiveCfg = Debug|Win32
		{9B76AC97-03E3-4AFE-A534-346A05400326}.Debug|x86.Build.0 = Debug|Win32
		{9B76AC97-03E3-4AFE-A534-346A05400326}.Release|x64.ActiveCfg = Release|x64
		{9B76AC97-03E3-4AFE-A534-346A05400326}.Release|x64.Build.0 = Release|x64
		{9B76AC97-03E3-4AFE-A534-346A05400326}.Release|x86.ActiveCfg = Release|Win32
		{9B76AC97-03E3-4AFE-A534-346A05400326}.Release|x86.Build.0 = Release|Win32
		{2D85147D-5DF3-473A-B52D-1855A6ECEF22}.Debug|x64.ActiveCfg = Debug|x64
		{2D85147D-5DF3-473A-B52D-1855A6ECEF22}.Debug|x64.Build.0 = Debug|x64
		{2D85147D-5DF3-473A-B52D-1855A6ECEF22}.Debug|x86.ActiveCfg = Debug|Win32
		{2D85147D-5DF3-473A-B52D-1855A6ECEF22}.Debug|x86.Build.0 = Debug|Win32
		{2D85147D-5DF3-473A-B52D-1855A6ECEF22}.Release|x64.ActiveCfg = Release|x64
		{2D85147D-5DF3-473A-B52D-1855A6ECEF22}.Release|x64.Build.0 = Release|x64
		{2D85147D-5DF3-473A-B52D-1855A6ECEF22}.Release|x86.ActiveCfg = Release|Win32
		{2D85147D-5DF3-473A-B52D-1855A6ECEF22}.Release|x86.Build.0 = Release|Win32
		{CF21CA3F-7F59-4957-B1F0-620805F59163}.Debug|x64.ActiveCfg = Debug|x64
		{CF21CA3F-7F59-4957-B1F0-620805F59163}.Debug|x64.Build.0 = Debug|x64
		{CF21CA3F-7F59-4957-B1F0-620805F59163}.Debug|x86.ActiveCfg = Debug|Win32
		{CF21CA3F-7F59-4957-B1F0-620805F59163}.Debug|x86.Build.0 = Debug|Win32
		{CF21CA3F-7F59-4957-B1F0-620805F59163}.Release|x64.ActiveCfg = Release|x64
		{CF21CA3F-7F59-4957-B1F0-620805F59163}.Release|x64.Build.0 = Release|x64
		{CF21CA3F-7F59-4957-B1F0-620805F59163}.Release|x86.ActiveCfg = Release|Win32
		{CF21CA3F-7F59-4957-B1F0-620805F59163}.Release|x86.Build.0 = Release|Win32
		{DF0BEE6D-BEE3-4995-B65D-4648EB984010}.Debug|x64.ActiveCfg = Debug|x64
		{DF0BEE6D-BEE3-4995-B65D-4648EB984010}.Debug|x64.Build.0 = Debug|x64
		{DF0BEE6D-BEE3-4995-B65D-4648EB984010}.Debug|x86.ActiveCfg = Debug|Win32
		{DF0BEE6D-BEE3-4995-B65D-4648EB984010}.Debug|x86.Build.0 = Debug|Win32
		{DF0BEE6D-BEE3-4995-B65D-4648EB984010}.Release|x64.ActiveCfg = Release|x64
		{DF0BEE6D-BEE3-4995-B65D-4648EB984010}.Release|x64.Build.0 = Release|x64
		{DF0BEE6D-BEE3-4995-B65D-4648EB984010}.Release|x86.ActiveCfg = Release|Win32
		{DF0BEE6D-BEE3-4995-B65D-4648EB984010}.Release|x86.Build.0 = Release|Win32
		{5C04D541-76A2-434E-B02B-F4732DE0B754}.Debug|x64.ActiveCfg = Debug|x64
		{5C04D541-76A2-434E-B02B-F4732DE0B754}.Debug|x64.Build.0 = Debug|x64
		{5C04D541-76A2-434E-B02B-F4732DE0B754}.Debug|x86.ActiveCfg = Debug|Win32
		{5C04D541-76A2-434E-B02B-F4732DE0B754}.Debug|x86.Build.0 = Debug|Win32
		{5C04D541-76A2-434E-B02B-F4732DE0B754}.Release|x64.ActiveCfg = Release|x64
		{5C04D541-76A2-434E-B02B-F4732DE0B754}.Release|x64.Build.0 = Release|x64
		{5C04D541-76A2-434E-B02B-F4732DE0B754}.Release|x86.ActiveCfg = Release|Win32
		{5C04D541-76A2-434E-B02B-F4732DE0B754}.Release|x86.Build.0 = Release|Win32
		{BA004F70-3179-4EAD-939B-4ADE1DD76158}.Debug|x64.ActiveCfg = Debug|x64
		{BA004F70-3179-4EAD-939B-4ADE1DD76158}.Debug|x64.Build.0 = Debug|x64
		{BA004F70-3179-4EAD-939B-4ADE1DD76158}.Debug|x86.ActiveCfg = Debug|Win32
		{BA004F70-3179-4EAD-939B-4ADE1DD76158}.Debug|x86.Build.0 = Debug|Win32
		{BA004F70-3179-4EAD-939B-4ADE1DD76158}.Release|x64.ActiveCfg = Release|x64
		{BA004F70-3179-4EAD-939B-4ADE1DD76158}.Release|x64.Build.0 = Release|x64
		{BA004F70-3179-4EAD-939B-4ADE1DD76158}.Release|x86.ActiveCfg = Release|Win32
		{BA004F70-3179-4EAD-939B-4ADE1DD76158}.Release|x86.Build.0 = Release|Win32
		{AB8672D2-EB59-448A-83A3-4D25848414D1}.Debug|x64.ActiveCfg = Debug|x64
		{AB8672D2-EB59-448A-83A3-4D25848414D1}.Debug|x64.Build.0 = Debug|x64
		{AB8672D2-EB59-448A-83A3-4D25848414D1}.Debug|x86.ActiveCfg = Debug|Win32
		{AB8672D2-EB59-448A-83A3-4D25848414D1}.Debug|x86.Build.0 = Debug|Win32
		{AB8672D2-EB59-448A-83A3-4D25848414D1}.Release|x64.ActiveCfg = Release|x64
		{AB8672D2-EB59-448A-83A3-4D25848414D1}.Release|x64.Build.0 = Release|x64
		{AB8672D2-EB59-448A-83A3-4D25848414D1}.Release|x86.ActiveCfg = Release|Win32
		{AB8672D2-EB59-448A-83A3-4D25848414D1}.Release|x86.Build.0 = Release|Win32
		{408B1FDF-3093-44FF-A87D-511DF9A739B5}.Debug|x64.ActiveCfg = Debug|x64
		{408B1FDF-3093-44FF-A87D-511DF9A739B5}.Debug|x64.Build.0 = Debug|x64
		{408B1FDF-3093-44FF-A87D-511DF9A739B5}.Debug|x86.ActiveCfg = Debug|Win32
		{408B1FDF-3093-44FF-A87D-511DF9A739B5}.Debug|x86.Build.0 = Debug|Win32
		{408B1FDF-3093-44FF-A87D-511DF9A739B5}.Release|x64.ActiveCfg = Release|x64
		{408B1FDF-3093-44FF-A87D-511DF9A739B5}.Release|x64.Build.0 = Release|x64
		{408B1FDF-3093-44FF-A87D-511DF9A739B5}.Release|x86.ActiveCfg = Release|Win32
		{408B1FDF-3093-44FF-A87D-511DF9A739B5}.Release|x86.Build.0 = Release|Win32
		{73DC46F8-0FC0-41AB-8573-152D02ED0C6C}.Debug|x64.ActiveCfg = Debug|x64
		{73DC46F8-0FC0-41AB-8573-152D02ED0C6C}.Debug|x64.Build.0 = Debug|x64
		{73DC46F8-0FC0-41AB-8573-152D02ED0C6C}.Debug|x86.ActiveCfg = Debug|Win32
		{73DC46F8-0FC0-41AB-8573-152D02ED0C6C}.Debug|x86.Build.0 = Debug|Win32
		{73DC46F8-0FC0-41AB-8573-152D02ED0C6C}.Release|x64.ActiveCfg = Release|x64
		{73DC46F8-0FC0-41AB-8573-152D02ED0C6C}.Release|x64.Build.0 = Release|x64
		{73DC46F8-0FC0-41AB-8573-152D02ED0C6C}.Release|x86.ActiveCfg = Release|Win32
		{73DC46F8-0FC0-41AB-8573-152D02ED0C6C}.Release|x86.Build.0 = Release|Win32
		{93900E8F-1B67-4D65-9C29-33AEB06A5681}.Debug|x64.ActiveCfg = Debug|x64
		{93900E8F-1B67-4D65-9C29-33AEB06A5681}.Debug|x64.Build.0 = Debug|x64
		{93900E8F-1B67-4D65-9C29-33AEB06A5681}.Debug|x86.ActiveCfg = Debug|Win32
		{93900E8F-1B67-4D65-9C29-33AEB06A5681}.Debug|x86.Build.0 = Debug|Win32
		{93900E8F-1B67-4D65-9C29-33AEB06A5681}.Release|x64.ActiveCfg = Release|x64
		{93900E8F-1B67-4D65-9C29-33AEB06A5681}.Release|x64.Build.0 = Release|x64
		{93900E8F-1B67-4D65-9C29-33AEB06A5681}.Release|x86.ActiveCfg = Release|Win32
		{93900E8F-1B67-4D65-9C29-33AEB06A5681}.Release|x86.Build.0 = Release|Win32
		{2D290A8F-EE86-4CA0-A02A-2FF29CC6DF69}.Debug|x64.ActiveCfg = Debug|x64
		{2D290A8F-EE86-4CA0-A02A-2FF29CC6DF69}.Debug|x64.Build.0 = Debug|x64
		{2D290A8F-EE86-4CA0-A02A-2FF29CC6DF69}.Debug|x86.ActiveCfg = Debug|Win32
		{2D290A8F-EE86-4CA0-A02A-2FF29CC6DF69}.Debug|x86.Build.0 = Debug|Win32
		{2D290A8F-EE86-4CA0-A02A-2FF29CC6DF69}.Release|x64.ActiveCfg = Release|x64
		{2D290A8F-EE86-4CA0-A02A-2FF29CC6DF69}.Release|x64.Build.0 = Release|x64
		{2D290A8F-EE86-4CA0-A02A-2FF29CC6DF69}.Release|x86.ActiveCfg = Release|Win32
		{2D290A8F-EE86-4CA0-A02A-2FF29CC6DF69}.Release|x86.Build.0 = Release|Win32
		{51EA37DA-6E8C-46A1-81F9-7863DCCE5BBE}.Debug|x64.ActiveCfg = Debug|x64
		{51EA37DA-6E8C-46A1-81F9-7863DCCE5BBE}.Debug|x64.Build.0 = Debug|x64
		{51EA37DA-6E8C-46A1-81F9-7863DCCE5BBE}.Debug|x86.ActiveCfg = Debug|Win32
		{51EA37DA-6E8C-46A1-81F9-7863DCCE5BBE}.Debug|x86.Build.0 = Debug|Win32
		{51EA37DA-6E8C-46A1-81F9-7863DCCE5BBE}.Release|x64.ActiveCfg = Release|x64
		{51EA37DA-6E8C-46A1-81F9-7863DCCE5BBE}.Release|x64.Build.0 = Release|x64
		{51EA37DA-6E8C-46A1-81F9-7863DCCE5BBE}.Release|x86.ActiveCfg = Release|Win32
		{51EA37DA-6E8C-46A1-81F9-7863DCCE5BBE}.Release|x86.Build.0 = Release|Win32
	EndGlobalSection
	GlobalSection(SolutionProperties) = preSolution
		HideSolutionNode = FALSE
	EndGlobalSection
	GlobalSection(ExtensibilityGlobals) = postSolution
		SolutionGuid = {01F84CDD-3108-44B3-B612-823905E56429}
	EndGlobalSection
EndGlobal
