
Microsoft Visual Studio Solution File, Format Version 12.00
# Visual Studio Version 16
VisualStudioVersion = 16.0.31025.194
MinimumVisualStudioVersion = 10.0.40219.1
Project("{8BC9CEB8-8B4A-11D0-8D11-00A0C91BC942}") = "01基本", "01基本\01基本.vcxproj", "{11954501-C1E9-4E35-A002-18711F5962BC}"
EndProject
Project("{8BC9CEB8-8B4A-11D0-8D11-00A0C91BC942}") = "01作业", "01作业\01作业.vcxproj", "{FEA34B22-6AC5-4C1C-AE9F-E3C878FE734A}"
EndProject
Project("{8BC9CEB8-8B4A-11D0-8D11-00A0C91BC942}") = "02杀掉QQ", "02杀掉QQ\02杀掉QQ.vcxproj", "{3EEB818E-1F39-4B71-B057-7CD220ECFA79}"
EndProject
Project("{8BC9CEB8-8B4A-11D0-8D11-00A0C91BC942}") = "02作业", "02作业\02作业.vcxproj", "{25D5961E-F788-4A38-B198-D316EFAF27F2}"
EndProject
Project("{8BC9CEB8-8B4A-11D0-8D11-00A0C91BC942}") = "03include", "03include\03include.vcxproj", "{2944F9DC-FF94-4B99-8879-DD75A0F7A7A4}"
EndProject
Project("{8BC9CEB8-8B4A-11D0-8D11-00A0C91BC942}") = "04变量", "04变量\04变量.vcxproj", "{D76417C5-BB97-4129-87E3-260E8E629B82}"
EndProject
Project("{8BC9CEB8-8B4A-11D0-8D11-00A0C91BC942}") = "04常量", "04常量\04常量.vcxproj", "{8D4B4E49-598A-4E7C-91AB-27E1215D4AA2}"
EndProject
Project("{8BC9CEB8-8B4A-11D0-8D11-00A0C91BC942}") = "05转义字符", "转义字符\转义字符.vcxproj", "{9B8FD0A6-9DE1-429C-9F19-99947E37E5C8}"
EndProject
Project("{8BC9CEB8-8B4A-11D0-8D11-00A0C91BC942}") = "06进制转换", "06进制转换\06进制转换.vcxproj", "{9B76AC97-03E3-4AFE-A534-346A05400326}"
EndProject
Global
	GlobalSection(SolutionConfigurationPlatforms) = preSolution
		Debug|x64 = Debug|x64
		Debug|x86 = Debug|x86
		Release|x64 = Release|x64
		Release|x86 = Release|x86
	EndGlobalSection
	GlobalSection(ProjectConfigurationPlatforms) = postSolution
		{11954501-C1E9-4E35-A002-18711F5962BC}.Debug|x64.ActiveCfg = Debug|x64
		{11954501-C1E9-4E35-A002-18711F5962BC}.Debug|x64.Build.0 = Debug|x64
		{11954501-C1E9-4E35-A002-18711F5962BC}.Debug|x86.ActiveCfg = Debug|Win32
		{11954501-C1E9-4E35-A002-18711F5962BC}.Debug|x86.Build.0 = Debug|Win32
		{11954501-C1E9-4E35-A002-18711F5962BC}.Release|x64.ActiveCfg = Release|x64
		{11954501-C1E9-4E35-A002-18711F5962BC}.Release|x64.Build.0 = Release|x64
		{11954501-C1E9-4E35-A002-18711F5962BC}.Release|x86.ActiveCfg = Release|Win32
		{11954501-C1E9-4E35-A002-18711F5962BC}.Release|x86.Build.0 = Release|Win32
		{FEA34B22-6AC5-4C1C-AE9F-E3C878FE734A}.Debug|x64.ActiveCfg = Debug|x64
		{FEA34B22-6AC5-4C1C-AE9F-E3C878FE734A}.Debug|x64.Build.0 = Debug|x64
		{FEA34B22-6AC5-4C1C-AE9F-E3C878FE734A}.Debug|x86.ActiveCfg = Debug|Win32
		{FEA34B22-6AC5-4C1C-AE9F-E3C878FE734A}.Debug|x86.Build.0 = Debug|Win32
		{FEA34B22-6AC5-4C1C-AE9F-E3C878FE734A}.Release|x64.ActiveCfg = Release|x64
		{FEA34B22-6AC5-4C1C-AE9F-E3C878FE734A}.Release|x64.Build.0 = Release|x64
		{FEA34B22-6AC5-4C1C-AE9F-E3C878FE734A}.Release|x86.ActiveCfg = Release|Win32
		{FEA34B22-6AC5-4C1C-AE9F-E3C878FE734A}.Release|x86.Build.0 = Release|Win32
		{3EEB818E-1F39-4B71-B057-7CD220ECFA79}.Debug|x64.ActiveCfg = Debug|x64
		{3EEB818E-1F39-4B71-B057-7CD220ECFA79}.Debug|x64.Build.0 = Debug|x64
		{3EEB818E-1F39-4B71-B057-7CD220ECFA79}.Debug|x86.ActiveCfg = Debug|Win32
		{3EEB818E-1F39-4B71-B057-7CD220ECFA79}.Debug|x86.Build.0 = Debug|Win32
		{3EEB818E-1F39-4B71-B057-7CD220ECFA79}.Release|x64.ActiveCfg = Release|x64
		{3EEB818E-1F39-4B71-B057-7CD220ECFA79}.Release|x64.Build.0 = Release|x64
		{3EEB818E-1F39-4B71-B057-7CD220ECFA79}.Release|x86.ActiveCfg = Release|Win32
		{3EEB818E-1F39-4B71-B057-7CD220ECFA79}.Release|x86.Build.0 = Release|Win32
		{25D5961E-F788-4A38-B198-D316EFAF27F2}.Debug|x64.ActiveCfg = Debug|x64
		{25D5961E-F788-4A38-B198-D316EFAF27F2}.Debug|x64.Build.0 = Debug|x64
		{25D5961E-F788-4A38-B198-D316EFAF27F2}.Debug|x86.ActiveCfg = Debug|Win32
		{25D5961E-F788-4A38-B198-D316EFAF27F2}.Debug|x86.Build.0 = Debug|Win32
		{25D5961E-F788-4A38-B198-D316EFAF27F2}.Release|x64.ActiveCfg = Release|x64
		{25D5961E-F788-4A38-B198-D316EFAF27F2}.Release|x64.Build.0 = Release|x64
		{25D5961E-F788-4A38-B198-D316EFAF27F2}.Release|x86.ActiveCfg = Release|Win32
		{25D5961E-F788-4A38-B198-D316EFAF27F2}.Release|x86.Build.0 = Release|Win32
		{2944F9DC-FF94-4B99-8879-DD75A0F7A7A4}.Debug|x64.ActiveCfg = Debug|x64
		{2944F9DC-FF94-4B99-8879-DD75A0F7A7A4}.Debug|x64.Build.0 = Debug|x64
		{2944F9DC-FF94-4B99-8879-DD75A0F7A7A4}.Debug|x86.ActiveCfg = Debug|Win32
		{2944F9DC-FF94-4B99-8879-DD75A0F7A7A4}.Debug|x86.Build.0 = Debug|Win32
		{2944F9DC-FF94-4B99-8879-DD75A0F7A7A4}.Release|x64.ActiveCfg = Release|x64
		{2944F9DC-FF94-4B99-8879-DD75A0F7A7A4}.Release|x64.Build.0 = Release|x64
		{2944F9DC-FF94-4B99-8879-DD75A0F7A7A4}.Release|x86.ActiveCfg = Release|Win32
		{2944F9DC-FF94-4B99-8879-DD75A0F7A7A4}.Release|x86.Build.0 = Release|Win32
		{D76417C5-BB97-4129-87E3-260E8E629B82}.Debug|x64.ActiveCfg = Debug|x64
		{D76417C5-BB97-4129-87E3-260E8E629B82}.Debug|x64.Build.0 = Debug|x64
		{D76417C5-BB97-4129-87E3-260E8E629B82}.Debug|x86.ActiveCfg = Debug|Win32
		{D76417C5-BB97-4129-87E3-260E8E629B82}.Debug|x86.Build.0 = Debug|Win32
		{D76417C5-BB97-4129-87E3-260E8E629B82}.Release|x64.ActiveCfg = Release|x64
		{D76417C5-BB97-4129-87E3-260E8E629B82}.Release|x64.Build.0 = Release|x64
		{D76417C5-BB97-4129-87E3-260E8E629B82}.Release|x86.ActiveCfg = Release|Win32
		{D76417C5-BB97-4129-87E3-260E8E629B82}.Release|x86.Build.0 = Release|Win32
		{8D4B4E49-598A-4E7C-91AB-27E1215D4AA2}.Debug|x64.ActiveCfg = Debug|x64
		{8D4B4E49-598A-4E7C-91AB-27E1215D4AA2}.Debug|x64.Build.0 = Debug|x64
		{8D4B4E49-598A-4E7C-91AB-27E1215D4AA2}.Debug|x86.ActiveCfg = Debug|Win32
		{8D4B4E49-598A-4E7C-91AB-27E1215D4AA2}.Debug|x86.Build.0 = Debug|Win32
		{8D4B4E49-598A-4E7C-91AB-27E1215D4AA2}.Release|x64.ActiveCfg = Release|x64
		{8D4B4E49-598A-4E7C-91AB-27E1215D4AA2}.Release|x64.Build.0 = Release|x64
		{8D4B4E49-598A-4E7C-91AB-27E1215D4AA2}.Release|x86.ActiveCfg = Release|Win32
		{8D4B4E49-598A-4E7C-91AB-27E1215D4AA2}.Release|x86.Build.0 = Release|Win32
		{9B8FD0A6-9DE1-429C-9F19-99947E37E5C8}.Debug|x64.ActiveCfg = Debug|x64
		{9B8FD0A6-9DE1-429C-9F19-99947E37E5C8}.Debug|x64.Build.0 = Debug|x64
		{9B8FD0A6-9DE1-429C-9F19-99947E37E5C8}.Debug|x86.ActiveCfg = Debug|Win32
		{9B8FD0A6-9DE1-429C-9F19-99947E37E5C8}.Debug|x86.Build.0 = Debug|Win32
		{9B8FD0A6-9DE1-429C-9F19-99947E37E5C8}.Release|x64.ActiveCfg = Release|x64
		{9B8FD0A6-9DE1-429C-9F19-99947E37E5C8}.Release|x64.Build.0 = Release|x64
		{9B8FD0A6-9DE1-429C-9F19-99947E37E5C8}.Release|x86.ActiveCfg = Release|Win32
		{9B8FD0A6-9DE1-429C-9F19-99947E37E5C8}.Release|x86.Build.0 = Release|Win32
		{9B76AC97-03E3-4AFE-A534-346A05400326}.Debug|x64.ActiveCfg = Debug|x64
		{9B76AC97-03E3-4AFE-A534-346A05400326}.Debug|x64.Build.0 = Debug|x64
		{9B76AC97-03E3-4AFE-A534-346A05400326}.Debug|x86.ActiveCfg = Debug|Win32
		{9B76AC97-03E3-4AFE-A534-346A05400326}.Debug|x86.Build.0 = Debug|Win32
		{9B76AC97-03E3-4AFE-A534-346A05400326}.Release|x64.ActiveCfg = Release|x64
		{9B76AC97-03E3-4AFE-A534-346A05400326}.Release|x64.Build.0 = Release|x64
		{9B76AC97-03E3-4AFE-A534-346A05400326}.Release|x86.ActiveCfg = Release|Win32
		{9B76AC97-03E3-4AFE-A534-346A05400326}.Release|x86.Build.0 = Release|Win32
	EndGlobalSection
	GlobalSection(SolutionProperties) = preSolution
		HideSolutionNode = FALSE
	EndGlobalSection
	GlobalSection(ExtensibilityGlobals) = postSolution
		SolutionGuid = {01F84CDD-3108-44B3-B612-823905E56429}
	EndGlobalSection
EndGlobal
