
Microsoft Visual Studio Solution File, Format Version 12.00
# Visual Studio Version 16
VisualStudioVersion = 16.0.31025.194
MinimumVisualStudioVersion = 10.0.40219.1
Project("{8BC9CEB8-8B4A-11D0-8D11-00A0C91BC942}") = "01基本", "01基本\01基本.vcxproj", "{11954501-C1E9-4E35-A002-18711F5962BC}"
EndProject
Project("{8BC9CEB8-8B4A-11D0-8D11-00A0C91BC942}") = "01作业", "01作业\01作业.vcxproj", "{FEA34B22-6AC5-4C1C-AE9F-E3C878FE734A}"
EndProject
Project("{8BC9CEB8-8B4A-11D0-8D11-00A0C91BC942}") = "02杀掉QQ", "02杀掉QQ\02杀掉QQ.vcxproj", "{3EEB818E-1F39-4B71-B057-7CD220ECFA79}"
EndProject
Project("{8BC9CEB8-8B4A-11D0-8D11-00A0C91BC942}") = "02作业", "02作业\02作业.vcxproj", "{25D5961E-F788-4A38-B198-D316EFAF27F2}"
EndProject
Project("{8BC9CEB8-8B4A-11D0-8D11-00A0C91BC942}") = "03include", "03include\03include.vcxproj", "{2944F9DC-FF94-4B99-8879-DD75A0F7A7A4}"
EndProject
Project("{8BC9CEB8-8B4A-11D0-8D11-00A0C91BC942}") = "04变量", "04变量\04变量.vcxproj", "{D76417C5-BB97-4129-87E3-260E8E629B82}"
EndProject
Project("{8BC9CEB8-8B4A-11D0-8D11-00A0C91BC942}") = "04常量", "04常量\04常量.vcxproj", "{8D4B4E49-598A-4E7C-91AB-27E1215D4AA2}"
EndProject
Project("{8BC9CEB8-8B4A-11D0-8D11-00A0C91BC942}") = "06进制转换", "06进制转换\06进制转换.vcxproj", "{9B76AC97-03E3-4AFE-A534-346A05400326}"
EndProject
Project("{8BC9CEB8-8B4A-11D0-8D11-00A0C91BC942}") = "08数据类型", "08数据类型\08数据类型.vcxproj", "{2D85147D-5DF3-473A-B52D-1855A6ECEF22}"
EndProject
Project("{8BC9CEB8-8B4A-11D0-8D11-00A0C91BC942}") = "10长短整数", "10长短整数\10长短整数.vcxproj", "{CF21CA3F-7F59-4957-B1F0-620805F59163}"
EndProject
Project("{8BC9CEB8-8B4A-11D0-8D11-00A0C91BC942}") = "11浮点数", "11浮点数\11浮点数.vcxproj", "{DF0BEE6D-BEE3-4995-B65D-4648EB984010}"
EndProject
Project("{8BC9CEB8-8B4A-11D0-8D11-00A0C91BC942}") = "12字符变量和字符常量", "12字符变量和字符常量\12字符变量和字符常量.vcxproj", "{5C04D541-76A2-434E-B02B-F4732DE0B754}"
EndProject
Project("{8BC9CEB8-8B4A-11D0-8D11-00A0C91BC942}") = "15隐式类型转换", "15隐式类型转换\15隐式类型转换.vcxproj", "{BA004F70-3179-4EAD-939B-4ADE1DD76158}"
EndProject
Project("{8BC9CEB8-8B4A-11D0-8D11-00A0C91BC942}") = "16强制类型转换", "16显式类型转换\16显式类型转换.vcxproj", "{AB8672D2-EB59-448A-83A3-4D25848414D1}"
EndProject
Project("{8BC9CEB8-8B4A-11D0-8D11-00A0C91BC942}") = "17加减运算", "17加减运算\17加减运算.vcxproj", "{408B1FDF-3093-44FF-A87D-511DF9A739B5}"
EndProject
Project("{8BC9CEB8-8B4A-11D0-8D11-00A0C91BC942}") = "18 ++和--", "18 ++和--\18 ++和--.vcxproj", "{73DC46F8-0FC0-41AB-8573-152D02ED0C6C}"
EndProject
Project("{8BC9CEB8-8B4A-11D0-8D11-00A0C91BC942}") = "19复合赋值运算符", "19复合赋值运算符\19复合赋值运算符.vcxproj", "{93900E8F-1B67-4D65-9C29-33AEB06A5681}"
EndProject
Project("{8BC9CEB8-8B4A-11D0-8D11-00A0C91BC942}") = "20关系运算符和逻辑运算符", "20关系运算符和逻辑运算符\20关系运算符和逻辑运算符.vcxproj", "{2D290A8F-EE86-4CA0-A02A-2FF29CC6DF69}"
EndProject
Project("{8BC9CEB8-8B4A-11D0-8D11-00A0C91BC942}") = "21scanf函数", "21scanf函数\21scanf函数.vcxproj", "{51EA37DA-6E8C-46A1-81F9-7863DCCE5BBE}"
EndProject
Project("{8BC9CEB8-8B4A-11D0-8D11-00A0C91BC942}") = "22ifelse语句", "22ifelse语句\22ifelse语句.vcxproj", "{D2A4D7C3-7B5C-4DCC-B13B-4665CBBF2F87}"
EndProject
Project("{8BC9CEB8-8B4A-11D0-8D11-00A0C91BC942}") = "23switch语句", "23switch语句\23switch语句.vcxproj", "{1E73FBD4-9A04-47CD-A7D4-E43C2FF74BFF}"
EndProject
Project("{8BC9CEB8-8B4A-11D0-8D11-00A0C91BC942}") = "24while语句", "24while语句\24while语句.vcxproj", "{C1285472-40A9-4A63-B645-A569A0D7B0CF}"
EndProject
Project("{8BC9CEB8-8B4A-11D0-8D11-00A0C91BC942}") = "25dowhile语句", "25dowhile语句\25dowhile语句.vcxproj", "{3EA8025A-A8B3-4916-B993-A472A4DB55A1}"
EndProject
Project("{8BC9CEB8-8B4A-11D0-8D11-00A0C91BC942}") = "26for循环", "26for循环\26for循环.vcxproj", "{39D22E12-B494-4BB4-9AC5-850CC25D9752}"
EndProject
Project("{8BC9CEB8-8B4A-11D0-8D11-00A0C91BC942}") = "27-百鸡百钱问题", "27-百鸡百钱问题\27-百鸡百钱问题.vcxproj", "{4A527D85-D076-4EB0-943E-58B4CAC80363}"
EndProject
Project("{8BC9CEB8-8B4A-11D0-8D11-00A0C91BC942}") = "28goto语句", "28goto语句\28goto语句.vcxproj", "{C7410FFB-9A93-44E5-BFC1-92ACCA392A5C}"
EndProject
Project("{8BC9CEB8-8B4A-11D0-8D11-00A0C91BC942}") = "29goto跳出复杂逻辑", "29goto跳出复杂逻辑\29goto跳出复杂逻辑.vcxproj", "{7C5FB6FC-98DB-4B35-8D77-38E2E0EB5D77}"
EndProject
Project("{8BC9CEB8-8B4A-11D0-8D11-00A0C91BC942}") = "30隐藏黑窗口", "30隐藏黑窗口\30隐藏黑窗口.vcxproj", "{73378257-7958-4CDD-9DA9-D60DC552E7D4}"
EndProject
Project("{8BC9CEB8-8B4A-11D0-8D11-00A0C91BC942}") = "31黑客注射技术", "31黑客注射技术\31黑客注射技术.vcxproj", "{ADDEBF78-1EE2-43C2-BCCB-61A2CA66F0B8}"
EndProject
Project("{8BC9CEB8-8B4A-11D0-8D11-00A0C91BC942}") = "32函数详解", "32函数详解\32函数详解.vcxproj", "{3B2575C8-7D27-48BF-A561-3D91746A0CF8}"
EndProject
Project("{8BC9CEB8-8B4A-11D0-8D11-00A0C91BC942}") = "33数组", "33数组\33数组.vcxproj", "{738D422C-F986-45E7-A806-6E5BECD0840D}"
EndProject
Project("{8BC9CEB8-8B4A-11D0-8D11-00A0C91BC942}") = "34二维数组", "34二维数组\34二维数组.vcxproj", "{E0896BA9-1250-4095-A7E0-52FCB30C420E}"
EndProject
Project("{8BC9CEB8-8B4A-11D0-8D11-00A0C91BC942}") = "35选择排序法", "35选择排序法\35选择排序法.vcxproj", "{2EB961DE-7BA9-4CBC-90B1-A496B1366C25}"
EndProject
Project("{8BC9CEB8-8B4A-11D0-8D11-00A0C91BC942}") = "36选择排序法2", "36选择排序法2\36选择排序法2.vcxproj", "{D48C7461-E192-434E-9FA6-FD28E2507847}"
EndProject
Project("{8BC9CEB8-8B4A-11D0-8D11-00A0C91BC942}") = "37选择排序法3", "37选择排序法3\37选择排序法3.vcxproj", "{F0444B3B-8B7D-4096-8F1E-4A2E9537FE9F}"
EndProject
Project("{8BC9CEB8-8B4A-11D0-8D11-00A0C91BC942}") = "38冒泡排序", "38冒泡排序\38冒泡排序.vcxproj", "{63489307-FCA4-43AC-A840-6EF99E4C95F1}"
EndProject
Project("{8BC9CEB8-8B4A-11D0-8D11-00A0C91BC942}") = "39冒泡排序法", "39冒泡排序法\39冒泡排序法.vcxproj", "{DA5AF777-944C-4B2C-A487-87288D38C7C5}"
EndProject
Project("{8BC9CEB8-8B4A-11D0-8D11-00A0C91BC942}") = "40二分查找法", "40二分查找法\40二分查找法.vcxproj", "{41FA5168-1B55-42E5-A907-6B7DBF012F70}"
EndProject
Project("{8BC9CEB8-8B4A-11D0-8D11-00A0C91BC942}") = "41外挂原理与指针", "41外挂原理与指针\41外挂原理与指针.vcxproj", "{F91D1978-9A93-40E4-8A5C-2C3B6C42D840}"
EndProject
Project("{8BC9CEB8-8B4A-11D0-8D11-00A0C91BC942}") = "42指针基本语法", "42指针基本语法\42指针基本语法.vcxproj", "{68BBAFB1-E4CB-47B9-8734-F27AC86E1375}"
EndProject
Global
	GlobalSection(SolutionConfigurationPlatforms) = preSolution
		Debug|ARM = Debug|ARM
		Debug|x64 = Debug|x64
		Debug|x86 = Debug|x86
		Release|ARM = Release|ARM
		Release|x64 = Release|x64
		Release|x86 = Release|x86
	EndGlobalSection
	GlobalSection(ProjectConfigurationPlatforms) = postSolution
		{11954501-C1E9-4E35-A002-18711F5962BC}.Debug|ARM.ActiveCfg = Debug|Win32
		{11954501-C1E9-4E35-A002-18711F5962BC}.Debug|x64.ActiveCfg = Debug|x64
		{11954501-C1E9-4E35-A002-18711F5962BC}.Debug|x64.Build.0 = Debug|x64
		{11954501-C1E9-4E35-A002-18711F5962BC}.Debug|x86.ActiveCfg = Debug|Win32
		{11954501-C1E9-4E35-A002-18711F5962BC}.Debug|x86.Build.0 = Debug|Win32
		{11954501-C1E9-4E35-A002-18711F5962BC}.Release|ARM.ActiveCfg = Release|Win32
		{11954501-C1E9-4E35-A002-18711F5962BC}.Release|x64.ActiveCfg = Release|x64
		{11954501-C1E9-4E35-A002-18711F5962BC}.Release|x64.Build.0 = Release|x64
		{11954501-C1E9-4E35-A002-18711F5962BC}.Release|x86.ActiveCfg = Release|Win32
		{11954501-C1E9-4E35-A002-18711F5962BC}.Release|x86.Build.0 = Release|Win32
		{FEA34B22-6AC5-4C1C-AE9F-E3C878FE734A}.Debug|ARM.ActiveCfg = Debug|Win32
		{FEA34B22-6AC5-4C1C-AE9F-E3C878FE734A}.Debug|x64.ActiveCfg = Debug|x64
		{FEA34B22-6AC5-4C1C-AE9F-E3C878FE734A}.Debug|x64.Build.0 = Debug|x64
		{FEA34B22-6AC5-4C1C-AE9F-E3C878FE734A}.Debug|x86.ActiveCfg = Debug|Win32
		{FEA34B22-6AC5-4C1C-AE9F-E3C878FE734A}.Debug|x86.Build.0 = Debug|Win32
		{FEA34B22-6AC5-4C1C-AE9F-E3C878FE734A}.Release|ARM.ActiveCfg = Release|Win32
		{FEA34B22-6AC5-4C1C-AE9F-E3C878FE734A}.Release|x64.ActiveCfg = Release|x64
		{FEA34B22-6AC5-4C1C-AE9F-E3C878FE734A}.Release|x64.Build.0 = Release|x64
		{FEA34B22-6AC5-4C1C-AE9F-E3C878FE734A}.Release|x86.ActiveCfg = Release|Win32
		{FEA34B22-6AC5-4C1C-AE9F-E3C878FE734A}.Release|x86.Build.0 = Release|Win32
		{3EEB818E-1F39-4B71-B057-7CD220ECFA79}.Debug|ARM.ActiveCfg = Debug|Win32
		{3EEB818E-1F39-4B71-B057-7CD220ECFA79}.Debug|x64.ActiveCfg = Debug|x64
		{3EEB818E-1F39-4B71-B057-7CD220ECFA79}.Debug|x64.Build.0 = Debug|x64
		{3EEB818E-1F39-4B71-B057-7CD220ECFA79}.Debug|x86.ActiveCfg = Debug|Win32
		{3EEB818E-1F39-4B71-B057-7CD220ECFA79}.Debug|x86.Build.0 = Debug|Win32
		{3EEB818E-1F39-4B71-B057-7CD220ECFA79}.Release|ARM.ActiveCfg = Release|Win32
		{3EEB818E-1F39-4B71-B057-7CD220ECFA79}.Release|x64.ActiveCfg = Release|x64
		{3EEB818E-1F39-4B71-B057-7CD220ECFA79}.Release|x64.Build.0 = Release|x64
		{3EEB818E-1F39-4B71-B057-7CD220ECFA79}.Release|x86.ActiveCfg = Release|Win32
		{3EEB818E-1F39-4B71-B057-7CD220ECFA79}.Release|x86.Build.0 = Release|Win32
		{25D5961E-F788-4A38-B198-D316EFAF27F2}.Debug|ARM.ActiveCfg = Debug|Win32
		{25D5961E-F788-4A38-B198-D316EFAF27F2}.Debug|x64.ActiveCfg = Debug|x64
		{25D5961E-F788-4A38-B198-D316EFAF27F2}.Debug|x64.Build.0 = Debug|x64
		{25D5961E-F788-4A38-B198-D316EFAF27F2}.Debug|x86.ActiveCfg = Debug|Win32
		{25D5961E-F788-4A38-B198-D316EFAF27F2}.Debug|x86.Build.0 = Debug|Win32
		{25D5961E-F788-4A38-B198-D316EFAF27F2}.Release|ARM.ActiveCfg = Release|Win32
		{25D5961E-F788-4A38-B198-D316EFAF27F2}.Release|x64.ActiveCfg = Release|x64
		{25D5961E-F788-4A38-B198-D316EFAF27F2}.Release|x64.Build.0 = Release|x64
		{25D5961E-F788-4A38-B198-D316EFAF27F2}.Release|x86.ActiveCfg = Release|Win32
		{25D5961E-F788-4A38-B198-D316EFAF27F2}.Release|x86.Build.0 = Release|Win32
		{2944F9DC-FF94-4B99-8879-DD75A0F7A7A4}.Debug|ARM.ActiveCfg = Debug|Win32
		{2944F9DC-FF94-4B99-8879-DD75A0F7A7A4}.Debug|x64.ActiveCfg = Debug|x64
		{2944F9DC-FF94-4B99-8879-DD75A0F7A7A4}.Debug|x64.Build.0 = Debug|x64
		{2944F9DC-FF94-4B99-8879-DD75A0F7A7A4}.Debug|x86.ActiveCfg = Debug|Win32
		{2944F9DC-FF94-4B99-8879-DD75A0F7A7A4}.Debug|x86.Build.0 = Debug|Win32
		{2944F9DC-FF94-4B99-8879-DD75A0F7A7A4}.Release|ARM.ActiveCfg = Release|Win32
		{2944F9DC-FF94-4B99-8879-DD75A0F7A7A4}.Release|x64.ActiveCfg = Release|x64
		{2944F9DC-FF94-4B99-8879-DD75A0F7A7A4}.Release|x64.Build.0 = Release|x64
		{2944F9DC-FF94-4B99-8879-DD75A0F7A7A4}.Release|x86.ActiveCfg = Release|Win32
		{2944F9DC-FF94-4B99-8879-DD75A0F7A7A4}.Release|x86.Build.0 = Release|Win32
		{D76417C5-BB97-4129-87E3-260E8E629B82}.Debug|ARM.ActiveCfg = Debug|Win32
		{D76417C5-BB97-4129-87E3-260E8E629B82}.Debug|x64.ActiveCfg = Debug|x64
		{D76417C5-BB97-4129-87E3-260E8E629B82}.Debug|x64.Build.0 = Debug|x64
		{D76417C5-BB97-4129-87E3-260E8E629B82}.Debug|x86.ActiveCfg = Debug|Win32
		{D76417C5-BB97-4129-87E3-260E8E629B82}.Debug|x86.Build.0 = Debug|Win32
		{D76417C5-BB97-4129-87E3-260E8E629B82}.Release|ARM.ActiveCfg = Release|Win32
		{D76417C5-BB97-4129-87E3-260E8E629B82}.Release|x64.ActiveCfg = Release|x64
		{D76417C5-BB97-4129-87E3-260E8E629B82}.Release|x64.Build.0 = Release|x64
		{D76417C5-BB97-4129-87E3-260E8E629B82}.Release|x86.ActiveCfg = Release|Win32
		{D76417C5-BB97-4129-87E3-260E8E629B82}.Release|x86.Build.0 = Release|Win32
		{8D4B4E49-598A-4E7C-91AB-27E1215D4AA2}.Debug|ARM.ActiveCfg = Debug|Win32
		{8D4B4E49-598A-4E7C-91AB-27E1215D4AA2}.Debug|x64.ActiveCfg = Debug|x64
		{8D4B4E49-598A-4E7C-91AB-27E1215D4AA2}.Debug|x64.Build.0 = Debug|x64
		{8D4B4E49-598A-4E7C-91AB-27E1215D4AA2}.Debug|x86.ActiveCfg = Debug|Win32
		{8D4B4E49-598A-4E7C-91AB-27E1215D4AA2}.Debug|x86.Build.0 = Debug|Win32
		{8D4B4E49-598A-4E7C-91AB-27E1215D4AA2}.Release|ARM.ActiveCfg = Release|Win32
		{8D4B4E49-598A-4E7C-91AB-27E1215D4AA2}.Release|x64.ActiveCfg = Release|x64
		{8D4B4E49-598A-4E7C-91AB-27E1215D4AA2}.Release|x64.Build.0 = Release|x64
		{8D4B4E49-598A-4E7C-91AB-27E1215D4AA2}.Release|x86.ActiveCfg = Release|Win32
		{8D4B4E49-598A-4E7C-91AB-27E1215D4AA2}.Release|x86.Build.0 = Release|Win32
		{9B76AC97-03E3-4AFE-A534-346A05400326}.Debug|ARM.ActiveCfg = Debug|Win32
		{9B76AC97-03E3-4AFE-A534-346A05400326}.Debug|x64.ActiveCfg = Debug|x64
		{9B76AC97-03E3-4AFE-A534-346A05400326}.Debug|x64.Build.0 = Debug|x64
		{9B76AC97-03E3-4AFE-A534-346A05400326}.Debug|x86.ActiveCfg = Debug|Win32
		{9B76AC97-03E3-4AFE-A534-346A05400326}.Debug|x86.Build.0 = Debug|Win32
		{9B76AC97-03E3-4AFE-A534-346A05400326}.Release|ARM.ActiveCfg = Release|Win32
		{9B76AC97-03E3-4AFE-A534-346A05400326}.Release|x64.ActiveCfg = Release|x64
		{9B76AC97-03E3-4AFE-A534-346A05400326}.Release|x64.Build.0 = Release|x64
		{9B76AC97-03E3-4AFE-A534-346A05400326}.Release|x86.ActiveCfg = Release|Win32
		{9B76AC97-03E3-4AFE-A534-346A05400326}.Release|x86.Build.0 = Release|Win32
		{2D85147D-5DF3-473A-B52D-1855A6ECEF22}.Debug|ARM.ActiveCfg = Debug|Win32
		{2D85147D-5DF3-473A-B52D-1855A6ECEF22}.Debug|x64.ActiveCfg = Debug|x64
		{2D85147D-5DF3-473A-B52D-1855A6ECEF22}.Debug|x64.Build.0 = Debug|x64
		{2D85147D-5DF3-473A-B52D-1855A6ECEF22}.Debug|x86.ActiveCfg = Debug|Win32
		{2D85147D-5DF3-473A-B52D-1855A6ECEF22}.Debug|x86.Build.0 = Debug|Win32
		{2D85147D-5DF3-473A-B52D-1855A6ECEF22}.Release|ARM.ActiveCfg = Release|Win32
		{2D85147D-5DF3-473A-B52D-1855A6ECEF22}.Release|x64.ActiveCfg = Release|x64
		{2D85147D-5DF3-473A-B52D-1855A6ECEF22}.Release|x64.Build.0 = Release|x64
		{2D85147D-5DF3-473A-B52D-1855A6ECEF22}.Release|x86.ActiveCfg = Release|Win32
		{2D85147D-5DF3-473A-B52D-1855A6ECEF22}.Release|x86.Build.0 = Release|Win32
		{CF21CA3F-7F59-4957-B1F0-620805F59163}.Debug|ARM.ActiveCfg = Debug|Win32
		{CF21CA3F-7F59-4957-B1F0-620805F59163}.Debug|x64.ActiveCfg = Debug|x64
		{CF21CA3F-7F59-4957-B1F0-620805F59163}.Debug|x64.Build.0 = Debug|x64
		{CF21CA3F-7F59-4957-B1F0-620805F59163}.Debug|x86.ActiveCfg = Debug|Win32
		{CF21CA3F-7F59-4957-B1F0-620805F59163}.Debug|x86.Build.0 = Debug|Win32
		{CF21CA3F-7F59-4957-B1F0-620805F59163}.Release|ARM.ActiveCfg = Release|Win32
		{CF21CA3F-7F59-4957-B1F0-620805F59163}.Release|x64.ActiveCfg = Release|x64
		{CF21CA3F-7F59-4957-B1F0-620805F59163}.Release|x64.Build.0 = Release|x64
		{CF21CA3F-7F59-4957-B1F0-620805F59163}.Release|x86.ActiveCfg = Release|Win32
		{CF21CA3F-7F59-4957-B1F0-620805F59163}.Release|x86.Build.0 = Release|Win32
		{DF0BEE6D-BEE3-4995-B65D-4648EB984010}.Debug|ARM.ActiveCfg = Debug|Win32
		{DF0BEE6D-BEE3-4995-B65D-4648EB984010}.Debug|x64.ActiveCfg = Debug|x64
		{DF0BEE6D-BEE3-4995-B65D-4648EB984010}.Debug|x64.Build.0 = Debug|x64
		{DF0BEE6D-BEE3-4995-B65D-4648EB984010}.Debug|x86.ActiveCfg = Debug|Win32
		{DF0BEE6D-BEE3-4995-B65D-4648EB984010}.Debug|x86.Build.0 = Debug|Win32
		{DF0BEE6D-BEE3-4995-B65D-4648EB984010}.Release|ARM.ActiveCfg = Release|Win32
		{DF0BEE6D-BEE3-4995-B65D-4648EB984010}.Release|x64.ActiveCfg = Release|x64
		{DF0BEE6D-BEE3-4995-B65D-4648EB984010}.Release|x64.Build.0 = Release|x64
		{DF0BEE6D-BEE3-4995-B65D-4648EB984010}.Release|x86.ActiveCfg = Release|Win32
		{DF0BEE6D-BEE3-4995-B65D-4648EB984010}.Release|x86.Build.0 = Release|Win32
		{5C04D541-76A2-434E-B02B-F4732DE0B754}.Debug|ARM.ActiveCfg = Debug|Win32
		{5C04D541-76A2-434E-B02B-F4732DE0B754}.Debug|x64.ActiveCfg = Debug|x64
		{5C04D541-76A2-434E-B02B-F4732DE0B754}.Debug|x64.Build.0 = Debug|x64
		{5C04D541-76A2-434E-B02B-F4732DE0B754}.Debug|x86.ActiveCfg = Debug|Win32
		{5C04D541-76A2-434E-B02B-F4732DE0B754}.Debug|x86.Build.0 = Debug|Win32
		{5C04D541-76A2-434E-B02B-F4732DE0B754}.Release|ARM.ActiveCfg = Release|Win32
		{5C04D541-76A2-434E-B02B-F4732DE0B754}.Release|x64.ActiveCfg = Release|x64
		{5C04D541-76A2-434E-B02B-F4732DE0B754}.Release|x64.Build.0 = Release|x64
		{5C04D541-76A2-434E-B02B-F4732DE0B754}.Release|x86.ActiveCfg = Release|Win32
		{5C04D541-76A2-434E-B02B-F4732DE0B754}.Release|x86.Build.0 = Release|Win32
		{BA004F70-3179-4EAD-939B-4ADE1DD76158}.Debug|ARM.ActiveCfg = Debug|Win32
		{BA004F70-3179-4EAD-939B-4ADE1DD76158}.Debug|x64.ActiveCfg = Debug|x64
		{BA004F70-3179-4EAD-939B-4ADE1DD76158}.Debug|x64.Build.0 = Debug|x64
		{BA004F70-3179-4EAD-939B-4ADE1DD76158}.Debug|x86.ActiveCfg = Debug|Win32
		{BA004F70-3179-4EAD-939B-4ADE1DD76158}.Debug|x86.Build.0 = Debug|Win32
		{BA004F70-3179-4EAD-939B-4ADE1DD76158}.Release|ARM.ActiveCfg = Release|Win32
		{BA004F70-3179-4EAD-939B-4ADE1DD76158}.Release|x64.ActiveCfg = Release|x64
		{BA004F70-3179-4EAD-939B-4ADE1DD76158}.Release|x64.Build.0 = Release|x64
		{BA004F70-3179-4EAD-939B-4ADE1DD76158}.Release|x86.ActiveCfg = Release|Win32
		{BA004F70-3179-4EAD-939B-4ADE1DD76158}.Release|x86.Build.0 = Release|Win32
		{AB8672D2-EB59-448A-83A3-4D25848414D1}.Debug|ARM.ActiveCfg = Debug|Win32
		{AB8672D2-EB59-448A-83A3-4D25848414D1}.Debug|x64.ActiveCfg = Debug|x64
		{AB8672D2-EB59-448A-83A3-4D25848414D1}.Debug|x64.Build.0 = Debug|x64
		{AB8672D2-EB59-448A-83A3-4D25848414D1}.Debug|x86.ActiveCfg = Debug|Win32
		{AB8672D2-EB59-448A-83A3-4D25848414D1}.Debug|x86.Build.0 = Debug|Win32
		{AB8672D2-EB59-448A-83A3-4D25848414D1}.Release|ARM.ActiveCfg = Release|Win32
		{AB8672D2-EB59-448A-83A3-4D25848414D1}.Release|x64.ActiveCfg = Release|x64
		{AB8672D2-EB59-448A-83A3-4D25848414D1}.Release|x64.Build.0 = Release|x64
		{AB8672D2-EB59-448A-83A3-4D25848414D1}.Release|x86.ActiveCfg = Release|Win32
		{AB8672D2-EB59-448A-83A3-4D25848414D1}.Release|x86.Build.0 = Release|Win32
		{408B1FDF-3093-44FF-A87D-511DF9A739B5}.Debug|ARM.ActiveCfg = Debug|Win32
		{408B1FDF-3093-44FF-A87D-511DF9A739B5}.Debug|x64.ActiveCfg = Debug|x64
		{408B1FDF-3093-44FF-A87D-511DF9A739B5}.Debug|x64.Build.0 = Debug|x64
		{408B1FDF-3093-44FF-A87D-511DF9A739B5}.Debug|x86.ActiveCfg = Debug|Win32
		{408B1FDF-3093-44FF-A87D-511DF9A739B5}.Debug|x86.Build.0 = Debug|Win32
		{408B1FDF-3093-44FF-A87D-511DF9A739B5}.Release|ARM.ActiveCfg = Release|Win32
		{408B1FDF-3093-44FF-A87D-511DF9A739B5}.Release|x64.ActiveCfg = Release|x64
		{408B1FDF-3093-44FF-A87D-511DF9A739B5}.Release|x64.Build.0 = Release|x64
		{408B1FDF-3093-44FF-A87D-511DF9A739B5}.Release|x86.ActiveCfg = Release|Win32
		{408B1FDF-3093-44FF-A87D-511DF9A739B5}.Release|x86.Build.0 = Release|Win32
		{73DC46F8-0FC0-41AB-8573-152D02ED0C6C}.Debug|ARM.ActiveCfg = Debug|Win32
		{73DC46F8-0FC0-41AB-8573-152D02ED0C6C}.Debug|x64.ActiveCfg = Debug|x64
		{73DC46F8-0FC0-41AB-8573-152D02ED0C6C}.Debug|x64.Build.0 = Debug|x64
		{73DC46F8-0FC0-41AB-8573-152D02ED0C6C}.Debug|x86.ActiveCfg = Debug|Win32
		{73DC46F8-0FC0-41AB-8573-152D02ED0C6C}.Debug|x86.Build.0 = Debug|Win32
		{73DC46F8-0FC0-41AB-8573-152D02ED0C6C}.Release|ARM.ActiveCfg = Release|Win32
		{73DC46F8-0FC0-41AB-8573-152D02ED0C6C}.Release|x64.ActiveCfg = Release|x64
		{73DC46F8-0FC0-41AB-8573-152D02ED0C6C}.Release|x64.Build.0 = Release|x64
		{73DC46F8-0FC0-41AB-8573-152D02ED0C6C}.Release|x86.ActiveCfg = Release|Win32
		{73DC46F8-0FC0-41AB-8573-152D02ED0C6C}.Release|x86.Build.0 = Release|Win32
		{93900E8F-1B67-4D65-9C29-33AEB06A5681}.Debug|ARM.ActiveCfg = Debug|Win32
		{93900E8F-1B67-4D65-9C29-33AEB06A5681}.Debug|x64.ActiveCfg = Debug|x64
		{93900E8F-1B67-4D65-9C29-33AEB06A5681}.Debug|x64.Build.0 = Debug|x64
		{93900E8F-1B67-4D65-9C29-33AEB06A5681}.Debug|x86.ActiveCfg = Debug|Win32
		{93900E8F-1B67-4D65-9C29-33AEB06A5681}.Debug|x86.Build.0 = Debug|Win32
		{93900E8F-1B67-4D65-9C29-33AEB06A5681}.Release|ARM.ActiveCfg = Release|Win32
		{93900E8F-1B67-4D65-9C29-33AEB06A5681}.Release|x64.ActiveCfg = Release|x64
		{93900E8F-1B67-4D65-9C29-33AEB06A5681}.Release|x64.Build.0 = Release|x64
		{93900E8F-1B67-4D65-9C29-33AEB06A5681}.Release|x86.ActiveCfg = Release|Win32
		{93900E8F-1B67-4D65-9C29-33AEB06A5681}.Release|x86.Build.0 = Release|Win32
		{2D290A8F-EE86-4CA0-A02A-2FF29CC6DF69}.Debug|ARM.ActiveCfg = Debug|Win32
		{2D290A8F-EE86-4CA0-A02A-2FF29CC6DF69}.Debug|x64.ActiveCfg = Debug|x64
		{2D290A8F-EE86-4CA0-A02A-2FF29CC6DF69}.Debug|x64.Build.0 = Debug|x64
		{2D290A8F-EE86-4CA0-A02A-2FF29CC6DF69}.Debug|x86.ActiveCfg = Debug|Win32
		{2D290A8F-EE86-4CA0-A02A-2FF29CC6DF69}.Debug|x86.Build.0 = Debug|Win32
		{2D290A8F-EE86-4CA0-A02A-2FF29CC6DF69}.Release|ARM.ActiveCfg = Release|Win32
		{2D290A8F-EE86-4CA0-A02A-2FF29CC6DF69}.Release|x64.ActiveCfg = Release|x64
		{2D290A8F-EE86-4CA0-A02A-2FF29CC6DF69}.Release|x64.Build.0 = Release|x64
		{2D290A8F-EE86-4CA0-A02A-2FF29CC6DF69}.Release|x86.ActiveCfg = Release|Win32
		{2D290A8F-EE86-4CA0-A02A-2FF29CC6DF69}.Release|x86.Build.0 = Release|Win32
		{51EA37DA-6E8C-46A1-81F9-7863DCCE5BBE}.Debug|ARM.ActiveCfg = Debug|Win32
		{51EA37DA-6E8C-46A1-81F9-7863DCCE5BBE}.Debug|x64.ActiveCfg = Debug|x64
		{51EA37DA-6E8C-46A1-81F9-7863DCCE5BBE}.Debug|x64.Build.0 = Debug|x64
		{51EA37DA-6E8C-46A1-81F9-7863DCCE5BBE}.Debug|x86.ActiveCfg = Debug|Win32
		{51EA37DA-6E8C-46A1-81F9-7863DCCE5BBE}.Debug|x86.Build.0 = Debug|Win32
		{51EA37DA-6E8C-46A1-81F9-7863DCCE5BBE}.Release|ARM.ActiveCfg = Release|Win32
		{51EA37DA-6E8C-46A1-81F9-7863DCCE5BBE}.Release|x64.ActiveCfg = Release|x64
		{51EA37DA-6E8C-46A1-81F9-7863DCCE5BBE}.Release|x64.Build.0 = Release|x64
		{51EA37DA-6E8C-46A1-81F9-7863DCCE5BBE}.Release|x86.ActiveCfg = Release|Win32
		{51EA37DA-6E8C-46A1-81F9-7863DCCE5BBE}.Release|x86.Build.0 = Release|Win32
		{D2A4D7C3-7B5C-4DCC-B13B-4665CBBF2F87}.Debug|ARM.ActiveCfg = Debug|Win32
		{D2A4D7C3-7B5C-4DCC-B13B-4665CBBF2F87}.Debug|x64.ActiveCfg = Debug|x64
		{D2A4D7C3-7B5C-4DCC-B13B-4665CBBF2F87}.Debug|x64.Build.0 = Debug|x64
		{D2A4D7C3-7B5C-4DCC-B13B-4665CBBF2F87}.Debug|x86.ActiveCfg = Debug|Win32
		{D2A4D7C3-7B5C-4DCC-B13B-4665CBBF2F87}.Debug|x86.Build.0 = Debug|Win32
		{D2A4D7C3-7B5C-4DCC-B13B-4665CBBF2F87}.Release|ARM.ActiveCfg = Release|Win32
		{D2A4D7C3-7B5C-4DCC-B13B-4665CBBF2F87}.Release|x64.ActiveCfg = Release|x64
		{D2A4D7C3-7B5C-4DCC-B13B-4665CBBF2F87}.Release|x64.Build.0 = Release|x64
		{D2A4D7C3-7B5C-4DCC-B13B-4665CBBF2F87}.Release|x86.ActiveCfg = Release|Win32
		{D2A4D7C3-7B5C-4DCC-B13B-4665CBBF2F87}.Release|x86.Build.0 = Release|Win32
		{1E73FBD4-9A04-47CD-A7D4-E43C2FF74BFF}.Debug|ARM.ActiveCfg = Debug|Win32
		{1E73FBD4-9A04-47CD-A7D4-E43C2FF74BFF}.Debug|x64.ActiveCfg = Debug|x64
		{1E73FBD4-9A04-47CD-A7D4-E43C2FF74BFF}.Debug|x64.Build.0 = Debug|x64
		{1E73FBD4-9A04-47CD-A7D4-E43C2FF74BFF}.Debug|x86.ActiveCfg = Debug|Win32
		{1E73FBD4-9A04-47CD-A7D4-E43C2FF74BFF}.Debug|x86.Build.0 = Debug|Win32
		{1E73FBD4-9A04-47CD-A7D4-E43C2FF74BFF}.Release|ARM.ActiveCfg = Release|Win32
		{1E73FBD4-9A04-47CD-A7D4-E43C2FF74BFF}.Release|x64.ActiveCfg = Release|x64
		{1E73FBD4-9A04-47CD-A7D4-E43C2FF74BFF}.Release|x64.Build.0 = Release|x64
		{1E73FBD4-9A04-47CD-A7D4-E43C2FF74BFF}.Release|x86.ActiveCfg = Release|Win32
		{1E73FBD4-9A04-47CD-A7D4-E43C2FF74BFF}.Release|x86.Build.0 = Release|Win32
		{C1285472-40A9-4A63-B645-A569A0D7B0CF}.Debug|ARM.ActiveCfg = Debug|Win32
		{C1285472-40A9-4A63-B645-A569A0D7B0CF}.Debug|x64.ActiveCfg = Debug|x64
		{C1285472-40A9-4A63-B645-A569A0D7B0CF}.Debug|x64.Build.0 = Debug|x64
		{C1285472-40A9-4A63-B645-A569A0D7B0CF}.Debug|x86.ActiveCfg = Debug|Win32
		{C1285472-40A9-4A63-B645-A569A0D7B0CF}.Debug|x86.Build.0 = Debug|Win32
		{C1285472-40A9-4A63-B645-A569A0D7B0CF}.Release|ARM.ActiveCfg = Release|Win32
		{C1285472-40A9-4A63-B645-A569A0D7B0CF}.Release|x64.ActiveCfg = Release|x64
		{C1285472-40A9-4A63-B645-A569A0D7B0CF}.Release|x64.Build.0 = Release|x64
		{C1285472-40A9-4A63-B645-A569A0D7B0CF}.Release|x86.ActiveCfg = Release|Win32
		{C1285472-40A9-4A63-B645-A569A0D7B0CF}.Release|x86.Build.0 = Release|Win32
		{3EA8025A-A8B3-4916-B993-A472A4DB55A1}.Debug|ARM.ActiveCfg = Debug|Win32
		{3EA8025A-A8B3-4916-B993-A472A4DB55A1}.Debug|x64.ActiveCfg = Debug|x64
		{3EA8025A-A8B3-4916-B993-A472A4DB55A1}.Debug|x64.Build.0 = Debug|x64
		{3EA8025A-A8B3-4916-B993-A472A4DB55A1}.Debug|x86.ActiveCfg = Debug|Win32
		{3EA8025A-A8B3-4916-B993-A472A4DB55A1}.Debug|x86.Build.0 = Debug|Win32
		{3EA8025A-A8B3-4916-B993-A472A4DB55A1}.Release|ARM.ActiveCfg = Release|Win32
		{3EA8025A-A8B3-4916-B993-A472A4DB55A1}.Release|x64.ActiveCfg = Release|x64
		{3EA8025A-A8B3-4916-B993-A472A4DB55A1}.Release|x64.Build.0 = Release|x64
		{3EA8025A-A8B3-4916-B993-A472A4DB55A1}.Release|x86.ActiveCfg = Release|Win32
		{3EA8025A-A8B3-4916-B993-A472A4DB55A1}.Release|x86.Build.0 = Release|Win32
		{39D22E12-B494-4BB4-9AC5-850CC25D9752}.Debug|ARM.ActiveCfg = Debug|Win32
		{39D22E12-B494-4BB4-9AC5-850CC25D9752}.Debug|x64.ActiveCfg = Debug|x64
		{39D22E12-B494-4BB4-9AC5-850CC25D9752}.Debug|x64.Build.0 = Debug|x64
		{39D22E12-B494-4BB4-9AC5-850CC25D9752}.Debug|x86.ActiveCfg = Debug|Win32
		{39D22E12-B494-4BB4-9AC5-850CC25D9752}.Debug|x86.Build.0 = Debug|Win32
		{39D22E12-B494-4BB4-9AC5-850CC25D9752}.Release|ARM.ActiveCfg = Release|Win32
		{39D22E12-B494-4BB4-9AC5-850CC25D9752}.Release|x64.ActiveCfg = Release|x64
		{39D22E12-B494-4BB4-9AC5-850CC25D9752}.Release|x64.Build.0 = Release|x64
		{39D22E12-B494-4BB4-9AC5-850CC25D9752}.Release|x86.ActiveCfg = Release|Win32
		{39D22E12-B494-4BB4-9AC5-850CC25D9752}.Release|x86.Build.0 = Release|Win32
		{4A527D85-D076-4EB0-943E-58B4CAC80363}.Debug|ARM.ActiveCfg = Debug|Win32
		{4A527D85-D076-4EB0-943E-58B4CAC80363}.Debug|x64.ActiveCfg = Debug|x64
		{4A527D85-D076-4EB0-943E-58B4CAC80363}.Debug|x64.Build.0 = Debug|x64
		{4A527D85-D076-4EB0-943E-58B4CAC80363}.Debug|x86.ActiveCfg = Debug|Win32
		{4A527D85-D076-4EB0-943E-58B4CAC80363}.Debug|x86.Build.0 = Debug|Win32
		{4A527D85-D076-4EB0-943E-58B4CAC80363}.Release|ARM.ActiveCfg = Release|Win32
		{4A527D85-D076-4EB0-943E-58B4CAC80363}.Release|x64.ActiveCfg = Release|x64
		{4A527D85-D076-4EB0-943E-58B4CAC80363}.Release|x64.Build.0 = Release|x64
		{4A527D85-D076-4EB0-943E-58B4CAC80363}.Release|x86.ActiveCfg = Release|Win32
		{4A527D85-D076-4EB0-943E-58B4CAC80363}.Release|x86.Build.0 = Release|Win32
		{C7410FFB-9A93-44E5-BFC1-92ACCA392A5C}.Debug|ARM.ActiveCfg = Debug|Win32
		{C7410FFB-9A93-44E5-BFC1-92ACCA392A5C}.Debug|x64.ActiveCfg = Debug|x64
		{C7410FFB-9A93-44E5-BFC1-92ACCA392A5C}.Debug|x64.Build.0 = Debug|x64
		{C7410FFB-9A93-44E5-BFC1-92ACCA392A5C}.Debug|x86.ActiveCfg = Debug|Win32
		{C7410FFB-9A93-44E5-BFC1-92ACCA392A5C}.Debug|x86.Build.0 = Debug|Win32
		{C7410FFB-9A93-44E5-BFC1-92ACCA392A5C}.Release|ARM.ActiveCfg = Release|Win32
		{C7410FFB-9A93-44E5-BFC1-92ACCA392A5C}.Release|x64.ActiveCfg = Release|x64
		{C7410FFB-9A93-44E5-BFC1-92ACCA392A5C}.Release|x64.Build.0 = Release|x64
		{C7410FFB-9A93-44E5-BFC1-92ACCA392A5C}.Release|x86.ActiveCfg = Release|Win32
		{C7410FFB-9A93-44E5-BFC1-92ACCA392A5C}.Release|x86.Build.0 = Release|Win32
		{7C5FB6FC-98DB-4B35-8D77-38E2E0EB5D77}.Debug|ARM.ActiveCfg = Debug|Win32
		{7C5FB6FC-98DB-4B35-8D77-38E2E0EB5D77}.Debug|x64.ActiveCfg = Debug|x64
		{7C5FB6FC-98DB-4B35-8D77-38E2E0EB5D77}.Debug|x64.Build.0 = Debug|x64
		{7C5FB6FC-98DB-4B35-8D77-38E2E0EB5D77}.Debug|x86.ActiveCfg = Debug|Win32
		{7C5FB6FC-98DB-4B35-8D77-38E2E0EB5D77}.Debug|x86.Build.0 = Debug|Win32
		{7C5FB6FC-98DB-4B35-8D77-38E2E0EB5D77}.Release|ARM.ActiveCfg = Release|Win32
		{7C5FB6FC-98DB-4B35-8D77-38E2E0EB5D77}.Release|x64.ActiveCfg = Release|x64
		{7C5FB6FC-98DB-4B35-8D77-38E2E0EB5D77}.Release|x64.Build.0 = Release|x64
		{7C5FB6FC-98DB-4B35-8D77-38E2E0EB5D77}.Release|x86.ActiveCfg = Release|Win32
		{7C5FB6FC-98DB-4B35-8D77-38E2E0EB5D77}.Release|x86.Build.0 = Release|Win32
		{73378257-7958-4CDD-9DA9-D60DC552E7D4}.Debug|ARM.ActiveCfg = Debug|Win32
		{73378257-7958-4CDD-9DA9-D60DC552E7D4}.Debug|x64.ActiveCfg = Debug|x64
		{73378257-7958-4CDD-9DA9-D60DC552E7D4}.Debug|x64.Build.0 = Debug|x64
		{73378257-7958-4CDD-9DA9-D60DC552E7D4}.Debug|x86.ActiveCfg = Debug|Win32
		{73378257-7958-4CDD-9DA9-D60DC552E7D4}.Debug|x86.Build.0 = Debug|Win32
		{73378257-7958-4CDD-9DA9-D60DC552E7D4}.Release|ARM.ActiveCfg = Release|Win32
		{73378257-7958-4CDD-9DA9-D60DC552E7D4}.Release|x64.ActiveCfg = Release|x64
		{73378257-7958-4CDD-9DA9-D60DC552E7D4}.Release|x64.Build.0 = Release|x64
		{73378257-7958-4CDD-9DA9-D60DC552E7D4}.Release|x86.ActiveCfg = Release|Win32
		{73378257-7958-4CDD-9DA9-D60DC552E7D4}.Release|x86.Build.0 = Release|Win32
		{ADDEBF78-1EE2-43C2-BCCB-61A2CA66F0B8}.Debug|ARM.ActiveCfg = Debug|Win32
		{ADDEBF78-1EE2-43C2-BCCB-61A2CA66F0B8}.Debug|x64.ActiveCfg = Debug|x64
		{ADDEBF78-1EE2-43C2-BCCB-61A2CA66F0B8}.Debug|x64.Build.0 = Debug|x64
		{ADDEBF78-1EE2-43C2-BCCB-61A2CA66F0B8}.Debug|x86.ActiveCfg = Debug|Win32
		{ADDEBF78-1EE2-43C2-BCCB-61A2CA66F0B8}.Debug|x86.Build.0 = Debug|Win32
		{ADDEBF78-1EE2-43C2-BCCB-61A2CA66F0B8}.Release|ARM.ActiveCfg = Release|Win32
		{ADDEBF78-1EE2-43C2-BCCB-61A2CA66F0B8}.Release|x64.ActiveCfg = Release|x64
		{ADDEBF78-1EE2-43C2-BCCB-61A2CA66F0B8}.Release|x64.Build.0 = Release|x64
		{ADDEBF78-1EE2-43C2-BCCB-61A2CA66F0B8}.Release|x86.ActiveCfg = Release|Win32
		{ADDEBF78-1EE2-43C2-BCCB-61A2CA66F0B8}.Release|x86.Build.0 = Release|Win32
		{3B2575C8-7D27-48BF-A561-3D91746A0CF8}.Debug|ARM.ActiveCfg = Debug|Win32
		{3B2575C8-7D27-48BF-A561-3D91746A0CF8}.Debug|x64.ActiveCfg = Debug|x64
		{3B2575C8-7D27-48BF-A561-3D91746A0CF8}.Debug|x64.Build.0 = Debug|x64
		{3B2575C8-7D27-48BF-A561-3D91746A0CF8}.Debug|x86.ActiveCfg = Debug|Win32
		{3B2575C8-7D27-48BF-A561-3D91746A0CF8}.Debug|x86.Build.0 = Debug|Win32
		{3B2575C8-7D27-48BF-A561-3D91746A0CF8}.Release|ARM.ActiveCfg = Release|Win32
		{3B2575C8-7D27-48BF-A561-3D91746A0CF8}.Release|x64.ActiveCfg = Release|x64
		{3B2575C8-7D27-48BF-A561-3D91746A0CF8}.Release|x64.Build.0 = Release|x64
		{3B2575C8-7D27-48BF-A561-3D91746A0CF8}.Release|x86.ActiveCfg = Release|Win32
		{3B2575C8-7D27-48BF-A561-3D91746A0CF8}.Release|x86.Build.0 = Release|Win32
		{738D422C-F986-45E7-A806-6E5BECD0840D}.Debug|ARM.ActiveCfg = Debug|Win32
		{738D422C-F986-45E7-A806-6E5BECD0840D}.Debug|x64.ActiveCfg = Debug|x64
		{738D422C-F986-45E7-A806-6E5BECD0840D}.Debug|x64.Build.0 = Debug|x64
		{738D422C-F986-45E7-A806-6E5BECD0840D}.Debug|x86.ActiveCfg = Debug|Win32
		{738D422C-F986-45E7-A806-6E5BECD0840D}.Debug|x86.Build.0 = Debug|Win32
		{738D422C-F986-45E7-A806-6E5BECD0840D}.Release|ARM.ActiveCfg = Release|Win32
		{738D422C-F986-45E7-A806-6E5BECD0840D}.Release|x64.ActiveCfg = Release|x64
		{738D422C-F986-45E7-A806-6E5BECD0840D}.Release|x64.Build.0 = Release|x64
		{738D422C-F986-45E7-A806-6E5BECD0840D}.Release|x86.ActiveCfg = Release|Win32
		{738D422C-F986-45E7-A806-6E5BECD0840D}.Release|x86.Build.0 = Release|Win32
		{E0896BA9-1250-4095-A7E0-52FCB30C420E}.Debug|ARM.ActiveCfg = Debug|Win32
		{E0896BA9-1250-4095-A7E0-52FCB30C420E}.Debug|x64.ActiveCfg = Debug|x64
		{E0896BA9-1250-4095-A7E0-52FCB30C420E}.Debug|x64.Build.0 = Debug|x64
		{E0896BA9-1250-4095-A7E0-52FCB30C420E}.Debug|x86.ActiveCfg = Debug|Win32
		{E0896BA9-1250-4095-A7E0-52FCB30C420E}.Debug|x86.Build.0 = Debug|Win32
		{E0896BA9-1250-4095-A7E0-52FCB30C420E}.Release|ARM.ActiveCfg = Release|Win32
		{E0896BA9-1250-4095-A7E0-52FCB30C420E}.Release|x64.ActiveCfg = Release|x64
		{E0896BA9-1250-4095-A7E0-52FCB30C420E}.Release|x64.Build.0 = Release|x64
		{E0896BA9-1250-4095-A7E0-52FCB30C420E}.Release|x86.ActiveCfg = Release|Win32
		{E0896BA9-1250-4095-A7E0-52FCB30C420E}.Release|x86.Build.0 = Release|Win32
		{2EB961DE-7BA9-4CBC-90B1-A496B1366C25}.Debug|ARM.ActiveCfg = Debug|Win32
		{2EB961DE-7BA9-4CBC-90B1-A496B1366C25}.Debug|x64.ActiveCfg = Debug|x64
		{2EB961DE-7BA9-4CBC-90B1-A496B1366C25}.Debug|x64.Build.0 = Debug|x64
		{2EB961DE-7BA9-4CBC-90B1-A496B1366C25}.Debug|x86.ActiveCfg = Debug|Win32
		{2EB961DE-7BA9-4CBC-90B1-A496B1366C25}.Debug|x86.Build.0 = Debug|Win32
		{2EB961DE-7BA9-4CBC-90B1-A496B1366C25}.Release|ARM.ActiveCfg = Release|Win32
		{2EB961DE-7BA9-4CBC-90B1-A496B1366C25}.Release|x64.ActiveCfg = Release|x64
		{2EB961DE-7BA9-4CBC-90B1-A496B1366C25}.Release|x64.Build.0 = Release|x64
		{2EB961DE-7BA9-4CBC-90B1-A496B1366C25}.Release|x86.ActiveCfg = Release|Win32
		{2EB961DE-7BA9-4CBC-90B1-A496B1366C25}.Release|x86.Build.0 = Release|Win32
		{D48C7461-E192-434E-9FA6-FD28E2507847}.Debug|ARM.ActiveCfg = Debug|Win32
		{D48C7461-E192-434E-9FA6-FD28E2507847}.Debug|x64.ActiveCfg = Debug|x64
		{D48C7461-E192-434E-9FA6-FD28E2507847}.Debug|x64.Build.0 = Debug|x64
		{D48C7461-E192-434E-9FA6-FD28E2507847}.Debug|x86.ActiveCfg = Debug|Win32
		{D48C7461-E192-434E-9FA6-FD28E2507847}.Debug|x86.Build.0 = Debug|Win32
		{D48C7461-E192-434E-9FA6-FD28E2507847}.Release|ARM.ActiveCfg = Release|Win32
		{D48C7461-E192-434E-9FA6-FD28E2507847}.Release|x64.ActiveCfg = Release|x64
		{D48C7461-E192-434E-9FA6-FD28E2507847}.Release|x64.Build.0 = Release|x64
		{D48C7461-E192-434E-9FA6-FD28E2507847}.Release|x86.ActiveCfg = Release|Win32
		{D48C7461-E192-434E-9FA6-FD28E2507847}.Release|x86.Build.0 = Release|Win32
		{F0444B3B-8B7D-4096-8F1E-4A2E9537FE9F}.Debug|ARM.ActiveCfg = Debug|Win32
		{F0444B3B-8B7D-4096-8F1E-4A2E9537FE9F}.Debug|x64.ActiveCfg = Debug|x64
		{F0444B3B-8B7D-4096-8F1E-4A2E9537FE9F}.Debug|x64.Build.0 = Debug|x64
		{F0444B3B-8B7D-4096-8F1E-4A2E9537FE9F}.Debug|x86.ActiveCfg = Debug|Win32
		{F0444B3B-8B7D-4096-8F1E-4A2E9537FE9F}.Debug|x86.Build.0 = Debug|Win32
		{F0444B3B-8B7D-4096-8F1E-4A2E9537FE9F}.Release|ARM.ActiveCfg = Release|Win32
		{F0444B3B-8B7D-4096-8F1E-4A2E9537FE9F}.Release|x64.ActiveCfg = Release|x64
		{F0444B3B-8B7D-4096-8F1E-4A2E9537FE9F}.Release|x64.Build.0 = Release|x64
		{F0444B3B-8B7D-4096-8F1E-4A2E9537FE9F}.Release|x86.ActiveCfg = Release|Win32
		{F0444B3B-8B7D-4096-8F1E-4A2E9537FE9F}.Release|x86.Build.0 = Release|Win32
		{63489307-FCA4-43AC-A840-6EF99E4C95F1}.Debug|ARM.ActiveCfg = Debug|Win32
		{63489307-FCA4-43AC-A840-6EF99E4C95F1}.Debug|x64.ActiveCfg = Debug|x64
		{63489307-FCA4-43AC-A840-6EF99E4C95F1}.Debug|x64.Build.0 = Debug|x64
		{63489307-FCA4-43AC-A840-6EF99E4C95F1}.Debug|x86.ActiveCfg = Debug|Win32
		{63489307-FCA4-43AC-A840-6EF99E4C95F1}.Debug|x86.Build.0 = Debug|Win32
		{63489307-FCA4-43AC-A840-6EF99E4C95F1}.Release|ARM.ActiveCfg = Release|Win32
		{63489307-FCA4-43AC-A840-6EF99E4C95F1}.Release|x64.ActiveCfg = Release|x64
		{63489307-FCA4-43AC-A840-6EF99E4C95F1}.Release|x64.Build.0 = Release|x64
		{63489307-FCA4-43AC-A840-6EF99E4C95F1}.Release|x86.ActiveCfg = Release|Win32
		{63489307-FCA4-43AC-A840-6EF99E4C95F1}.Release|x86.Build.0 = Release|Win32
		{DA5AF777-944C-4B2C-A487-87288D38C7C5}.Debug|ARM.ActiveCfg = Debug|Win32
		{DA5AF777-944C-4B2C-A487-87288D38C7C5}.Debug|x64.ActiveCfg = Debug|x64
		{DA5AF777-944C-4B2C-A487-87288D38C7C5}.Debug|x64.Build.0 = Debug|x64
		{DA5AF777-944C-4B2C-A487-87288D38C7C5}.Debug|x86.ActiveCfg = Debug|Win32
		{DA5AF777-944C-4B2C-A487-87288D38C7C5}.Debug|x86.Build.0 = Debug|Win32
		{DA5AF777-944C-4B2C-A487-87288D38C7C5}.Release|ARM.ActiveCfg = Release|Win32
		{DA5AF777-944C-4B2C-A487-87288D38C7C5}.Release|x64.ActiveCfg = Release|x64
		{DA5AF777-944C-4B2C-A487-87288D38C7C5}.Release|x64.Build.0 = Release|x64
		{DA5AF777-944C-4B2C-A487-87288D38C7C5}.Release|x86.ActiveCfg = Release|Win32
		{DA5AF777-944C-4B2C-A487-87288D38C7C5}.Release|x86.Build.0 = Release|Win32
		{41FA5168-1B55-42E5-A907-6B7DBF012F70}.Debug|ARM.ActiveCfg = Debug|Win32
		{41FA5168-1B55-42E5-A907-6B7DBF012F70}.Debug|x64.ActiveCfg = Debug|x64
		{41FA5168-1B55-42E5-A907-6B7DBF012F70}.Debug|x64.Build.0 = Debug|x64
		{41FA5168-1B55-42E5-A907-6B7DBF012F70}.Debug|x86.ActiveCfg = Debug|Win32
		{41FA5168-1B55-42E5-A907-6B7DBF012F70}.Debug|x86.Build.0 = Debug|Win32
		{41FA5168-1B55-42E5-A907-6B7DBF012F70}.Release|ARM.ActiveCfg = Release|Win32
		{41FA5168-1B55-42E5-A907-6B7DBF012F70}.Release|x64.ActiveCfg = Release|x64
		{41FA5168-1B55-42E5-A907-6B7DBF012F70}.Release|x64.Build.0 = Release|x64
		{41FA5168-1B55-42E5-A907-6B7DBF012F70}.Release|x86.ActiveCfg = Release|Win32
		{41FA5168-1B55-42E5-A907-6B7DBF012F70}.Release|x86.Build.0 = Release|Win32
		{F91D1978-9A93-40E4-8A5C-2C3B6C42D840}.Debug|ARM.ActiveCfg = Debug|Win32
		{F91D1978-9A93-40E4-8A5C-2C3B6C42D840}.Debug|x64.ActiveCfg = Debug|x64
		{F91D1978-9A93-40E4-8A5C-2C3B6C42D840}.Debug|x64.Build.0 = Debug|x64
		{F91D1978-9A93-40E4-8A5C-2C3B6C42D840}.Debug|x86.ActiveCfg = Debug|Win32
		{F91D1978-9A93-40E4-8A5C-2C3B6C42D840}.Debug|x86.Build.0 = Debug|Win32
		{F91D1978-9A93-40E4-8A5C-2C3B6C42D840}.Release|ARM.ActiveCfg = Release|Win32
		{F91D1978-9A93-40E4-8A5C-2C3B6C42D840}.Release|x64.ActiveCfg = Release|x64
		{F91D1978-9A93-40E4-8A5C-2C3B6C42D840}.Release|x64.Build.0 = Release|x64
		{F91D1978-9A93-40E4-8A5C-2C3B6C42D840}.Release|x86.ActiveCfg = Release|Win32
		{F91D1978-9A93-40E4-8A5C-2C3B6C42D840}.Release|x86.Build.0 = Release|Win32
		{68BBAFB1-E4CB-47B9-8734-F27AC86E1375}.Debug|ARM.ActiveCfg = Debug|Win32
		{68BBAFB1-E4CB-47B9-8734-F27AC86E1375}.Debug|x64.ActiveCfg = Debug|x64
		{68BBAFB1-E4CB-47B9-8734-F27AC86E1375}.Debug|x64.Build.0 = Debug|x64
		{68BBAFB1-E4CB-47B9-8734-F27AC86E1375}.Debug|x86.ActiveCfg = Debug|Win32
		{68BBAFB1-E4CB-47B9-8734-F27AC86E1375}.Debug|x86.Build.0 = Debug|Win32
		{68BBAFB1-E4CB-47B9-8734-F27AC86E1375}.Release|ARM.ActiveCfg = Release|Win32
		{68BBAFB1-E4CB-47B9-8734-F27AC86E1375}.Release|x64.ActiveCfg = Release|x64
		{68BBAFB1-E4CB-47B9-8734-F27AC86E1375}.Release|x64.Build.0 = Release|x64
		{68BBAFB1-E4CB-47B9-8734-F27AC86E1375}.Release|x86.ActiveCfg = Release|Win32
		{68BBAFB1-E4CB-47B9-8734-F27AC86E1375}.Release|x86.Build.0 = Release|Win32
	EndGlobalSection
	GlobalSection(SolutionProperties) = preSolution
		HideSolutionNode = FALSE
	EndGlobalSection
	GlobalSection(ExtensibilityGlobals) = postSolution
		SolutionGuid = {01F84CDD-3108-44B3-B612-823905E56429}
	EndGlobalSection
EndGlobal
